// !$*UTF8*$!
{
	archiveVersion = 1;
	classes = {
	};
	objectVersion = 56;
	objects = {

/* Begin PBXBuildFile section */
		4719505129E36224001052E7 /* AddExpenseViewController.swift in Sources */ = {isa = PBXBuildFile; fileRef = 4719505029E36224001052E7 /* AddExpenseViewController.swift */; };
		477E603029AAFEC100CBBEF7 /* AppDelegate.swift in Sources */ = {isa = PBXBuildFile; fileRef = 477E602F29AAFEC100CBBEF7 /* AppDelegate.swift */; };
		477E603229AAFEC100CBBEF7 /* SceneDelegate.swift in Sources */ = {isa = PBXBuildFile; fileRef = 477E603129AAFEC100CBBEF7 /* SceneDelegate.swift */; };
		477E603729AAFEC100CBBEF7 /* Main.storyboard in Resources */ = {isa = PBXBuildFile; fileRef = 477E603529AAFEC100CBBEF7 /* Main.storyboard */; };
		477E603C29AAFEC300CBBEF7 /* Assets.xcassets in Resources */ = {isa = PBXBuildFile; fileRef = 477E603B29AAFEC300CBBEF7 /* Assets.xcassets */; };
		477E603F29AAFEC300CBBEF7 /* LaunchScreen.storyboard in Resources */ = {isa = PBXBuildFile; fileRef = 477E603D29AAFEC300CBBEF7 /* LaunchScreen.storyboard */; };
		4785542229E662E70018BDD6 /* Currency.swift in Sources */ = {isa = PBXBuildFile; fileRef = 4785542129E662E70018BDD6 /* Currency.swift */; };
		47B53ABB29C2BC6400251BFC /* BudgetViewController.swift in Sources */ = {isa = PBXBuildFile; fileRef = 47B53AB529C2BC6400251BFC /* BudgetViewController.swift */; };
		47B53ABC29C2BC6400251BFC /* Budget+CoreDataProperties.swift in Sources */ = {isa = PBXBuildFile; fileRef = 47B53AB629C2BC6400251BFC /* Budget+CoreDataProperties.swift */; };
		47B53ABD29C2BC6400251BFC /* Budget+CoreDataClass.swift in Sources */ = {isa = PBXBuildFile; fileRef = 47B53AB829C2BC6400251BFC /* Budget+CoreDataClass.swift */; };
		47B53ABE29C2BC6400251BFC /* BudgetTableViewCell.swift in Sources */ = {isa = PBXBuildFile; fileRef = 47B53ABA29C2BC6400251BFC /* BudgetTableViewCell.swift */; };
		47B53AC629C2BC6E00251BFC /* Expense+CoreDataProperties.swift in Sources */ = {isa = PBXBuildFile; fileRef = 47B53AC129C2BC6E00251BFC /* Expense+CoreDataProperties.swift */; };
		47B53AC729C2BC6E00251BFC /* Expense+CoreDataClass.swift in Sources */ = {isa = PBXBuildFile; fileRef = 47B53AC229C2BC6E00251BFC /* Expense+CoreDataClass.swift */; };
		47B53AC829C2BC6E00251BFC /* ExpenseTableViewCell.swift in Sources */ = {isa = PBXBuildFile; fileRef = 47B53AC429C2BC6E00251BFC /* ExpenseTableViewCell.swift */; };
		47B53AC929C2BC6E00251BFC /* ExpenseViewController.swift in Sources */ = {isa = PBXBuildFile; fileRef = 47B53AC529C2BC6E00251BFC /* ExpenseViewController.swift */; };
		47B53ACF29C2BC7400251BFC /* DataManager.swift in Sources */ = {isa = PBXBuildFile; fileRef = 47B53ACC29C2BC7400251BFC /* DataManager.swift */; };
		47B53AD029C2BC7400251BFC /* Budget_App.xcdatamodeld in Sources */ = {isa = PBXBuildFile; fileRef = 47B53ACD29C2BC7400251BFC /* Budget_App.xcdatamodeld */; };
		47B53AD529C2C91200251BFC /* AlertHelper.swift in Sources */ = {isa = PBXBuildFile; fileRef = 47B53AD429C2C91200251BFC /* AlertHelper.swift */; };
		64E82EBCEEA00B6578F49508 /* Pods_Budget_App.framework in Frameworks */ = {isa = PBXBuildFile; fileRef = 7F0CB8BCDB5C3512AAA8299C /* Pods_Budget_App.framework */; };
/* End PBXBuildFile section */

/* Begin PBXFileReference section */
		4719505029E36224001052E7 /* AddExpenseViewController.swift */ = {isa = PBXFileReference; lastKnownFileType = sourcecode.swift; path = AddExpenseViewController.swift; sourceTree = "<group>"; };
		477E602C29AAFEC100CBBEF7 /* Budget-App.app */ = {isa = PBXFileReference; explicitFileType = wrapper.application; includeInIndex = 0; path = "Budget-App.app"; sourceTree = BUILT_PRODUCTS_DIR; };
		477E602F29AAFEC100CBBEF7 /* AppDelegate.swift */ = {isa = PBXFileReference; lastKnownFileType = sourcecode.swift; path = AppDelegate.swift; sourceTree = "<group>"; };
		477E603129AAFEC100CBBEF7 /* SceneDelegate.swift */ = {isa = PBXFileReference; lastKnownFileType = sourcecode.swift; path = SceneDelegate.swift; sourceTree = "<group>"; };
		477E603629AAFEC100CBBEF7 /* Base */ = {isa = PBXFileReference; lastKnownFileType = file.storyboard; name = Base; path = Base.lproj/Main.storyboard; sourceTree = "<group>"; };
		477E603B29AAFEC300CBBEF7 /* Assets.xcassets */ = {isa = PBXFileReference; lastKnownFileType = folder.assetcatalog; path = Assets.xcassets; sourceTree = "<group>"; };
		477E603E29AAFEC300CBBEF7 /* Base */ = {isa = PBXFileReference; lastKnownFileType = file.storyboard; name = Base; path = Base.lproj/LaunchScreen.storyboard; sourceTree = "<group>"; };
		477E604029AAFEC300CBBEF7 /* Info.plist */ = {isa = PBXFileReference; lastKnownFileType = text.plist.xml; path = Info.plist; sourceTree = "<group>"; };
		4785542129E662E70018BDD6 /* Currency.swift */ = {isa = PBXFileReference; lastKnownFileType = sourcecode.swift; path = Currency.swift; sourceTree = "<group>"; };
		47B53AB529C2BC6400251BFC /* BudgetViewController.swift */ = {isa = PBXFileReference; fileEncoding = 4; lastKnownFileType = sourcecode.swift; path = BudgetViewController.swift; sourceTree = "<group>"; };
		47B53AB629C2BC6400251BFC /* Budget+CoreDataProperties.swift */ = {isa = PBXFileReference; fileEncoding = 4; lastKnownFileType = sourcecode.swift; path = "Budget+CoreDataProperties.swift"; sourceTree = "<group>"; };
		47B53AB829C2BC6400251BFC /* Budget+CoreDataClass.swift */ = {isa = PBXFileReference; fileEncoding = 4; lastKnownFileType = sourcecode.swift; path = "Budget+CoreDataClass.swift"; sourceTree = "<group>"; };
		47B53ABA29C2BC6400251BFC /* BudgetTableViewCell.swift */ = {isa = PBXFileReference; fileEncoding = 4; lastKnownFileType = sourcecode.swift; path = BudgetTableViewCell.swift; sourceTree = "<group>"; };
		47B53AC129C2BC6E00251BFC /* Expense+CoreDataProperties.swift */ = {isa = PBXFileReference; fileEncoding = 4; lastKnownFileType = sourcecode.swift; path = "Expense+CoreDataProperties.swift"; sourceTree = "<group>"; };
		47B53AC229C2BC6E00251BFC /* Expense+CoreDataClass.swift */ = {isa = PBXFileReference; fileEncoding = 4; lastKnownFileType = sourcecode.swift; path = "Expense+CoreDataClass.swift"; sourceTree = "<group>"; };
		47B53AC429C2BC6E00251BFC /* ExpenseTableViewCell.swift */ = {isa = PBXFileReference; fileEncoding = 4; lastKnownFileType = sourcecode.swift; path = ExpenseTableViewCell.swift; sourceTree = "<group>"; };
		47B53AC529C2BC6E00251BFC /* ExpenseViewController.swift */ = {isa = PBXFileReference; fileEncoding = 4; lastKnownFileType = sourcecode.swift; path = ExpenseViewController.swift; sourceTree = "<group>"; };
		47B53ACC29C2BC7400251BFC /* DataManager.swift */ = {isa = PBXFileReference; fileEncoding = 4; lastKnownFileType = sourcecode.swift; path = DataManager.swift; sourceTree = "<group>"; };
		47B53ACE29C2BC7400251BFC /* Budget_App.xcdatamodel */ = {isa = PBXFileReference; lastKnownFileType = wrapper.xcdatamodel; path = Budget_App.xcdatamodel; sourceTree = "<group>"; };
		47B53AD429C2C91200251BFC /* AlertHelper.swift */ = {isa = PBXFileReference; lastKnownFileType = sourcecode.swift; path = AlertHelper.swift; sourceTree = "<group>"; };
		7F0CB8BCDB5C3512AAA8299C /* Pods_Budget_App.framework */ = {isa = PBXFileReference; explicitFileType = wrapper.framework; includeInIndex = 0; path = Pods_Budget_App.framework; sourceTree = BUILT_PRODUCTS_DIR; };
		DF46E0333CF6C2DEB1DECD67 /* Pods-Budget-App.release.xcconfig */ = {isa = PBXFileReference; includeInIndex = 1; lastKnownFileType = text.xcconfig; name = "Pods-Budget-App.release.xcconfig"; path = "Target Support Files/Pods-Budget-App/Pods-Budget-App.release.xcconfig"; sourceTree = "<group>"; };
		EF3034F4CB3A3105BDDB55ED /* Pods-Budget-App.debug.xcconfig */ = {isa = PBXFileReference; includeInIndex = 1; lastKnownFileType = text.xcconfig; name = "Pods-Budget-App.debug.xcconfig"; path = "Target Support Files/Pods-Budget-App/Pods-Budget-App.debug.xcconfig"; sourceTree = "<group>"; };
/* End PBXFileReference section */

/* Begin PBXFrameworksBuildPhase section */
		477E602929AAFEC100CBBEF7 /* Frameworks */ = {
			isa = PBXFrameworksBuildPhase;
			buildActionMask = 2147483647;
			files = (
				64E82EBCEEA00B6578F49508 /* Pods_Budget_App.framework in Frameworks */,
			);
			runOnlyForDeploymentPostprocessing = 0;
		};
/* End PBXFrameworksBuildPhase section */

/* Begin PBXGroup section */
		1256F6E71FB67F45FF499F3E /* Frameworks */ = {
			isa = PBXGroup;
			children = (
				7F0CB8BCDB5C3512AAA8299C /* Pods_Budget_App.framework */,
			);
			name = Frameworks;
			sourceTree = "<group>";
		};
		4719504C29E3468E001052E7 /* Controller */ = {
			isa = PBXGroup;
			children = (
				47B53AB529C2BC6400251BFC /* BudgetViewController.swift */,
			);
			path = Controller;
			sourceTree = "<group>";
		};
		4719504D29E3469D001052E7 /* Controller */ = {
			isa = PBXGroup;
			children = (
				47B53AC529C2BC6E00251BFC /* ExpenseViewController.swift */,
				4719505029E36224001052E7 /* AddExpenseViewController.swift */,
			);
			path = Controller;
			sourceTree = "<group>";
		};
		477E602329AAFEC100CBBEF7 = {
			isa = PBXGroup;
			children = (
				477E602E29AAFEC100CBBEF7 /* Budget-App */,
				477E602D29AAFEC100CBBEF7 /* Products */,
				F70A40F4E50C1DB19D191B62 /* Pods */,
				1256F6E71FB67F45FF499F3E /* Frameworks */,
			);
			sourceTree = "<group>";
		};
		477E602D29AAFEC100CBBEF7 /* Products */ = {
			isa = PBXGroup;
			children = (
				477E602C29AAFEC100CBBEF7 /* Budget-App.app */,
			);
			name = Products;
			sourceTree = "<group>";
		};
		477E602E29AAFEC100CBBEF7 /* Budget-App */ = {
			isa = PBXGroup;
			children = (
				47B53ABF29C2BC6E00251BFC /* Expenses */,
				47B53AB429C2BC6400251BFC /* Budget */,
				47B53ACA29C2BC7400251BFC /* Misc */,
				477E602F29AAFEC100CBBEF7 /* AppDelegate.swift */,
				477E603129AAFEC100CBBEF7 /* SceneDelegate.swift */,
				477E603529AAFEC100CBBEF7 /* Main.storyboard */,
				477E603B29AAFEC300CBBEF7 /* Assets.xcassets */,
				477E603D29AAFEC300CBBEF7 /* LaunchScreen.storyboard */,
				477E604029AAFEC300CBBEF7 /* Info.plist */,
			);
			path = "Budget-App";
			sourceTree = "<group>";
		};
		47B53AB429C2BC6400251BFC /* Budget */ = {
			isa = PBXGroup;
			children = (
				4719504C29E3468E001052E7 /* Controller */,
				47B53AB729C2BC6400251BFC /* Model */,
				47B53AB929C2BC6400251BFC /* View */,
			);
			path = Budget;
			sourceTree = "<group>";
		};
		47B53AB729C2BC6400251BFC /* Model */ = {
			isa = PBXGroup;
			children = (
				47B53AB629C2BC6400251BFC /* Budget+CoreDataProperties.swift */,
				47B53AB829C2BC6400251BFC /* Budget+CoreDataClass.swift */,
			);
			path = Model;
			sourceTree = "<group>";
		};
		47B53AB929C2BC6400251BFC /* View */ = {
			isa = PBXGroup;
			children = (
				47B53ABA29C2BC6400251BFC /* BudgetTableViewCell.swift */,
			);
			path = View;
			sourceTree = "<group>";
		};
		47B53ABF29C2BC6E00251BFC /* Expenses */ = {
			isa = PBXGroup;
			children = (
				4719504D29E3469D001052E7 /* Controller */,
				47B53AC029C2BC6E00251BFC /* Model */,
				47B53AC329C2BC6E00251BFC /* View */,
			);
			path = Expenses;
			sourceTree = "<group>";
		};
		47B53AC029C2BC6E00251BFC /* Model */ = {
			isa = PBXGroup;
			children = (
				47B53AC129C2BC6E00251BFC /* Expense+CoreDataProperties.swift */,
				47B53AC229C2BC6E00251BFC /* Expense+CoreDataClass.swift */,
			);
			path = Model;
			sourceTree = "<group>";
		};
		47B53AC329C2BC6E00251BFC /* View */ = {
			isa = PBXGroup;
			children = (
				47B53AC429C2BC6E00251BFC /* ExpenseTableViewCell.swift */,
			);
			path = View;
			sourceTree = "<group>";
		};
		47B53ACA29C2BC7400251BFC /* Misc */ = {
			isa = PBXGroup;
			children = (
				47B53AD329C2C90200251BFC /* Helper */,
				47B53ACB29C2BC7400251BFC /* Core Data */,
			);
			path = Misc;
			sourceTree = "<group>";
		};
		47B53ACB29C2BC7400251BFC /* Core Data */ = {
			isa = PBXGroup;
			children = (
				47B53ACC29C2BC7400251BFC /* DataManager.swift */,
				47B53ACD29C2BC7400251BFC /* Budget_App.xcdatamodeld */,
			);
			path = "Core Data";
			sourceTree = "<group>";
		};
		47B53AD329C2C90200251BFC /* Helper */ = {
			isa = PBXGroup;
			children = (
				47B53AD429C2C91200251BFC /* AlertHelper.swift */,
				4785542129E662E70018BDD6 /* Currency.swift */,
			);
			path = Helper;
			sourceTree = "<group>";
		};
		F70A40F4E50C1DB19D191B62 /* Pods */ = {
			isa = PBXGroup;
			children = (
				EF3034F4CB3A3105BDDB55ED /* Pods-Budget-App.debug.xcconfig */,
				DF46E0333CF6C2DEB1DECD67 /* Pods-Budget-App.release.xcconfig */,
			);
			path = Pods;
			sourceTree = "<group>";
		};
/* End PBXGroup section */

/* Begin PBXNativeTarget section */
		477E602B29AAFEC100CBBEF7 /* Budget-App */ = {
			isa = PBXNativeTarget;
			buildConfigurationList = 477E604329AAFEC400CBBEF7 /* Build configuration list for PBXNativeTarget "Budget-App" */;
			buildPhases = (
				1FF2B927F5E601BE8A07591E /* [CP] Check Pods Manifest.lock */,
				477E602829AAFEC100CBBEF7 /* Sources */,
				477E602929AAFEC100CBBEF7 /* Frameworks */,
				477E602A29AAFEC100CBBEF7 /* Resources */,
				062EF48DC85DD72347A2E5E8 /* [CP] Embed Pods Frameworks */,
			);
			buildRules = (
			);
			dependencies = (
			);
			name = "Budget-App";
			productName = "Budget-App";
			productReference = 477E602C29AAFEC100CBBEF7 /* Budget-App.app */;
			productType = "com.apple.product-type.application";
		};
/* End PBXNativeTarget section */

/* Begin PBXProject section */
		477E602429AAFEC100CBBEF7 /* Project object */ = {
			isa = PBXProject;
			attributes = {
				BuildIndependentTargetsInParallel = 1;
				LastSwiftUpdateCheck = 1420;
				LastUpgradeCheck = 1420;
				TargetAttributes = {
					477E602B29AAFEC100CBBEF7 = {
						CreatedOnToolsVersion = 14.2;
					};
				};
			};
			buildConfigurationList = 477E602729AAFEC100CBBEF7 /* Build configuration list for PBXProject "Budget-App" */;
			compatibilityVersion = "Xcode 14.0";
			developmentRegion = en;
			hasScannedForEncodings = 0;
			knownRegions = (
				en,
				Base,
			);
			mainGroup = 477E602329AAFEC100CBBEF7;
			productRefGroup = 477E602D29AAFEC100CBBEF7 /* Products */;
			projectDirPath = "";
			projectRoot = "";
			targets = (
				477E602B29AAFEC100CBBEF7 /* Budget-App */,
			);
		};
/* End PBXProject section */

/* Begin PBXResourcesBuildPhase section */
		477E602A29AAFEC100CBBEF7 /* Resources */ = {
			isa = PBXResourcesBuildPhase;
			buildActionMask = 2147483647;
			files = (
				477E603F29AAFEC300CBBEF7 /* LaunchScreen.storyboard in Resources */,
				477E603C29AAFEC300CBBEF7 /* Assets.xcassets in Resources */,
				477E603729AAFEC100CBBEF7 /* Main.storyboard in Resources */,
			);
			runOnlyForDeploymentPostprocessing = 0;
		};
/* End PBXResourcesBuildPhase section */

/* Begin PBXShellScriptBuildPhase section */
		062EF48DC85DD72347A2E5E8 /* [CP] Embed Pods Frameworks */ = {
			isa = PBXShellScriptBuildPhase;
			buildActionMask = 2147483647;
			files = (
			);
			inputFileListPaths = (
				"${PODS_ROOT}/Target Support Files/Pods-Budget-App/Pods-Budget-App-frameworks-${CONFIGURATION}-input-files.xcfilelist",
			);
			name = "[CP] Embed Pods Frameworks";
			outputFileListPaths = (
				"${PODS_ROOT}/Target Support Files/Pods-Budget-App/Pods-Budget-App-frameworks-${CONFIGURATION}-output-files.xcfilelist",
			);
			runOnlyForDeploymentPostprocessing = 0;
			shellPath = /bin/sh;
			shellScript = "\"${PODS_ROOT}/Target Support Files/Pods-Budget-App/Pods-Budget-App-frameworks.sh\"\n";
			showEnvVarsInLog = 0;
		};
		1FF2B927F5E601BE8A07591E /* [CP] Check Pods Manifest.lock */ = {
			isa = PBXShellScriptBuildPhase;
			buildActionMask = 2147483647;
			files = (
			);
			inputFileListPaths = (
			);
			inputPaths = (
				"${PODS_PODFILE_DIR_PATH}/Podfile.lock",
				"${PODS_ROOT}/Manifest.lock",
			);
			name = "[CP] Check Pods Manifest.lock";
			outputFileListPaths = (
			);
			outputPaths = (
				"$(DERIVED_FILE_DIR)/Pods-Budget-App-checkManifestLockResult.txt",
			);
			runOnlyForDeploymentPostprocessing = 0;
			shellPath = /bin/sh;
			shellScript = "diff \"${PODS_PODFILE_DIR_PATH}/Podfile.lock\" \"${PODS_ROOT}/Manifest.lock\" > /dev/null\nif [ $? != 0 ] ; then\n    # print error to STDERR\n    echo \"error: The sandbox is not in sync with the Podfile.lock. Run 'pod install' or update your CocoaPods installation.\" >&2\n    exit 1\nfi\n# This output is used by Xcode 'outputs' to avoid re-running this script phase.\necho \"SUCCESS\" > \"${SCRIPT_OUTPUT_FILE_0}\"\n";
			showEnvVarsInLog = 0;
		};
/* End PBXShellScriptBuildPhase section */

/* Begin PBXSourcesBuildPhase section */
		477E602829AAFEC100CBBEF7 /* Sources */ = {
			isa = PBXSourcesBuildPhase;
			buildActionMask = 2147483647;
			files = (
				47B53AD529C2C91200251BFC /* AlertHelper.swift in Sources */,
				47B53ABC29C2BC6400251BFC /* Budget+CoreDataProperties.swift in Sources */,
				477E603029AAFEC100CBBEF7 /* AppDelegate.swift in Sources */,
				47B53AD029C2BC7400251BFC /* Budget_App.xcdatamodeld in Sources */,
				47B53AC729C2BC6E00251BFC /* Expense+CoreDataClass.swift in Sources */,
				47B53AC829C2BC6E00251BFC /* ExpenseTableViewCell.swift in Sources */,
				4785542229E662E70018BDD6 /* Currency.swift in Sources */,
				4719505129E36224001052E7 /* AddExpenseViewController.swift in Sources */,
				47B53ABE29C2BC6400251BFC /* BudgetTableViewCell.swift in Sources */,
				47B53ABB29C2BC6400251BFC /* BudgetViewController.swift in Sources */,
				47B53ABD29C2BC6400251BFC /* Budget+CoreDataClass.swift in Sources */,
				47B53AC929C2BC6E00251BFC /* ExpenseViewController.swift in Sources */,
				47B53ACF29C2BC7400251BFC /* DataManager.swift in Sources */,
				47B53AC629C2BC6E00251BFC /* Expense+CoreDataProperties.swift in Sources */,
				477E603229AAFEC100CBBEF7 /* SceneDelegate.swift in Sources */,
			);
			runOnlyForDeploymentPostprocessing = 0;
		};
/* End PBXSourcesBuildPhase section */

/* Begin PBXVariantGroup section */
		477E603529AAFEC100CBBEF7 /* Main.storyboard */ = {
			isa = PBXVariantGroup;
			children = (
				477E603629AAFEC100CBBEF7 /* Base */,
			);
			name = Main.storyboard;
			sourceTree = "<group>";
		};
		477E603D29AAFEC300CBBEF7 /* LaunchScreen.storyboard */ = {
			isa = PBXVariantGroup;
			children = (
				477E603E29AAFEC300CBBEF7 /* Base */,
			);
			name = LaunchScreen.storyboard;
			sourceTree = "<group>";
		};
/* End PBXVariantGroup section */

/* Begin XCBuildConfiguration section */
		477E604129AAFEC400CBBEF7 /* Debug */ = {
			isa = XCBuildConfiguration;
			buildSettings = {
				ALWAYS_SEARCH_USER_PATHS = NO;
				CLANG_ANALYZER_NONNULL = YES;
				CLANG_ANALYZER_NUMBER_OBJECT_CONVERSION = YES_AGGRESSIVE;
				CLANG_CXX_LANGUAGE_STANDARD = "gnu++20";
				CLANG_ENABLE_MODULES = YES;
				CLANG_ENABLE_OBJC_ARC = YES;
				CLANG_ENABLE_OBJC_WEAK = YES;
				CLANG_WARN_BLOCK_CAPTURE_AUTORELEASING = YES;
				CLANG_WARN_BOOL_CONVERSION = YES;
				CLANG_WARN_COMMA = YES;
				CLANG_WARN_CONSTANT_CONVERSION = YES;
				CLANG_WARN_DEPRECATED_OBJC_IMPLEMENTATIONS = YES;
				CLANG_WARN_DIRECT_OBJC_ISA_USAGE = YES_ERROR;
				CLANG_WARN_DOCUMENTATION_COMMENTS = YES;
				CLANG_WARN_EMPTY_BODY = YES;
				CLANG_WARN_ENUM_CONVERSION = YES;
				CLANG_WARN_INFINITE_RECURSION = YES;
				CLANG_WARN_INT_CONVERSION = YES;
				CLANG_WARN_NON_LITERAL_NULL_CONVERSION = YES;
				CLANG_WARN_OBJC_IMPLICIT_RETAIN_SELF = YES;
				CLANG_WARN_OBJC_LITERAL_CONVERSION = YES;
				CLANG_WARN_OBJC_ROOT_CLASS = YES_ERROR;
				CLANG_WARN_QUOTED_INCLUDE_IN_FRAMEWORK_HEADER = YES;
				CLANG_WARN_RANGE_LOOP_ANALYSIS = YES;
				CLANG_WARN_STRICT_PROTOTYPES = YES;
				CLANG_WARN_SUSPICIOUS_MOVE = YES;
				CLANG_WARN_UNGUARDED_AVAILABILITY = YES_AGGRESSIVE;
				CLANG_WARN_UNREACHABLE_CODE = YES;
				CLANG_WARN__DUPLICATE_METHOD_MATCH = YES;
				COPY_PHASE_STRIP = NO;
				DEBUG_INFORMATION_FORMAT = dwarf;
				ENABLE_STRICT_OBJC_MSGSEND = YES;
				ENABLE_TESTABILITY = YES;
				GCC_C_LANGUAGE_STANDARD = gnu11;
				GCC_DYNAMIC_NO_PIC = NO;
				GCC_NO_COMMON_BLOCKS = YES;
				GCC_OPTIMIZATION_LEVEL = 0;
				GCC_PREPROCESSOR_DEFINITIONS = (
					"DEBUG=1",
					"$(inherited)",
				);
				GCC_WARN_64_TO_32_BIT_CONVERSION = YES;
				GCC_WARN_ABOUT_RETURN_TYPE = YES_ERROR;
				GCC_WARN_UNDECLARED_SELECTOR = YES;
				GCC_WARN_UNINITIALIZED_AUTOS = YES_AGGRESSIVE;
				GCC_WARN_UNUSED_FUNCTION = YES;
				GCC_WARN_UNUSED_VARIABLE = YES;
				IPHONEOS_DEPLOYMENT_TARGET = 16.2;
				MTL_ENABLE_DEBUG_INFO = INCLUDE_SOURCE;
				MTL_FAST_MATH = YES;
				ONLY_ACTIVE_ARCH = YES;
				SDKROOT = iphoneos;
				SWIFT_ACTIVE_COMPILATION_CONDITIONS = DEBUG;
				SWIFT_OPTIMIZATION_LEVEL = "-Onone";
			};
			name = Debug;
		};
		477E604229AAFEC400CBBEF7 /* Release */ = {
			isa = XCBuildConfiguration;
			buildSettings = {
				ALWAYS_SEARCH_USER_PATHS = NO;
				CLANG_ANALYZER_NONNULL = YES;
				CLANG_ANALYZER_NUMBER_OBJECT_CONVERSION = YES_AGGRESSIVE;
				CLANG_CXX_LANGUAGE_STANDARD = "gnu++20";
				CLANG_ENABLE_MODULES = YES;
				CLANG_ENABLE_OBJC_ARC = YES;
				CLANG_ENABLE_OBJC_WEAK = YES;
				CLANG_WARN_BLOCK_CAPTURE_AUTORELEASING = YES;
				CLANG_WARN_BOOL_CONVERSION = YES;
				CLANG_WARN_COMMA = YES;
				CLANG_WARN_CONSTANT_CONVERSION = YES;
				CLANG_WARN_DEPRECATED_OBJC_IMPLEMENTATIONS = YES;
				CLANG_WARN_DIRECT_OBJC_ISA_USAGE = YES_ERROR;
				CLANG_WARN_DOCUMENTATION_COMMENTS = YES;
				CLANG_WARN_EMPTY_BODY = YES;
				CLANG_WARN_ENUM_CONVERSION = YES;
				CLANG_WARN_INFINITE_RECURSION = YES;
				CLANG_WARN_INT_CONVERSION = YES;
				CLANG_WARN_NON_LITERAL_NULL_CONVERSION = YES;
				CLANG_WARN_OBJC_IMPLICIT_RETAIN_SELF = YES;
				CLANG_WARN_OBJC_LITERAL_CONVERSION = YES;
				CLANG_WARN_OBJC_ROOT_CLASS = YES_ERROR;
				CLANG_WARN_QUOTED_INCLUDE_IN_FRAMEWORK_HEADER = YES;
				CLANG_WARN_RANGE_LOOP_ANALYSIS = YES;
				CLANG_WARN_STRICT_PROTOTYPES = YES;
				CLANG_WARN_SUSPICIOUS_MOVE = YES;
				CLANG_WARN_UNGUARDED_AVAILABILITY = YES_AGGRESSIVE;
				CLANG_WARN_UNREACHABLE_CODE = YES;
				CLANG_WARN__DUPLICATE_METHOD_MATCH = YES;
				COPY_PHASE_STRIP = NO;
				DEBUG_INFORMATION_FORMAT = "dwarf-with-dsym";
				ENABLE_NS_ASSERTIONS = NO;
				ENABLE_STRICT_OBJC_MSGSEND = YES;
				GCC_C_LANGUAGE_STANDARD = gnu11;
				GCC_NO_COMMON_BLOCKS = YES;
				GCC_WARN_64_TO_32_BIT_CONVERSION = YES;
				GCC_WARN_ABOUT_RETURN_TYPE = YES_ERROR;
				GCC_WARN_UNDECLARED_SELECTOR = YES;
				GCC_WARN_UNINITIALIZED_AUTOS = YES_AGGRESSIVE;
				GCC_WARN_UNUSED_FUNCTION = YES;
				GCC_WARN_UNUSED_VARIABLE = YES;
				IPHONEOS_DEPLOYMENT_TARGET = 16.2;
				MTL_ENABLE_DEBUG_INFO = NO;
				MTL_FAST_MATH = YES;
				SDKROOT = iphoneos;
				SWIFT_COMPILATION_MODE = wholemodule;
				SWIFT_OPTIMIZATION_LEVEL = "-O";
				VALIDATE_PRODUCT = YES;
			};
			name = Release;
		};
		477E604429AAFEC400CBBEF7 /* Debug */ = {
			isa = XCBuildConfiguration;
			baseConfigurationReference = EF3034F4CB3A3105BDDB55ED /* Pods-Budget-App.debug.xcconfig */;
			buildSettings = {
				ASSETCATALOG_COMPILER_APPICON_NAME = AppIcon;
				ASSETCATALOG_COMPILER_GLOBAL_ACCENT_COLOR_NAME = AccentColor;
				CODE_SIGN_STYLE = Automatic;
				CURRENT_PROJECT_VERSION = 1;
				DEVELOPMENT_TEAM = 9DJ3NHWZB3;
				GENERATE_INFOPLIST_FILE = YES;
				INFOPLIST_FILE = "Budget-App/Info.plist";
				INFOPLIST_KEY_UIApplicationSupportsIndirectInputEvents = YES;
				INFOPLIST_KEY_UILaunchStoryboardName = LaunchScreen;
				INFOPLIST_KEY_UIMainStoryboardFile = Main;
				INFOPLIST_KEY_UISupportedInterfaceOrientations_iPad = "UIInterfaceOrientationPortrait UIInterfaceOrientationPortraitUpsideDown UIInterfaceOrientationLandscapeLeft UIInterfaceOrientationLandscapeRight";
				INFOPLIST_KEY_UISupportedInterfaceOrientations_iPhone = "UIInterfaceOrientationPortrait UIInterfaceOrientationLandscapeLeft UIInterfaceOrientationLandscapeRight";
				IPHONEOS_DEPLOYMENT_TARGET = 13.0;
				LD_RUNPATH_SEARCH_PATHS = (
					"$(inherited)",
					"@executable_path/Frameworks",
				);
				MARKETING_VERSION = 1.0;
				PRODUCT_BUNDLE_IDENTIFIER = "com.cs4372.Budget-App";
				PRODUCT_NAME = "$(TARGET_NAME)";
				SWIFT_EMIT_LOC_STRINGS = YES;
				SWIFT_VERSION = 5.0;
				TARGETED_DEVICE_FAMILY = "1,2";
			};
			name = Debug;
		};
		477E604529AAFEC400CBBEF7 /* Release */ = {
			isa = XCBuildConfiguration;
			baseConfigurationReference = DF46E0333CF6C2DEB1DECD67 /* Pods-Budget-App.release.xcconfig */;
			buildSettings = {
				ASSETCATALOG_COMPILER_APPICON_NAME = AppIcon;
				ASSETCATALOG_COMPILER_GLOBAL_ACCENT_COLOR_NAME = AccentColor;
				CODE_SIGN_STYLE = Automatic;
				CURRENT_PROJECT_VERSION = 1;
				DEVELOPMENT_TEAM = 9DJ3NHWZB3;
				GENERATE_INFOPLIST_FILE = YES;
				INFOPLIST_FILE = "Budget-App/Info.plist";
				INFOPLIST_KEY_UIApplicationSupportsIndirectInputEvents = YES;
				INFOPLIST_KEY_UILaunchStoryboardName = LaunchScreen;
				INFOPLIST_KEY_UIMainStoryboardFile = Main;
				INFOPLIST_KEY_UISupportedInterfaceOrientations_iPad = "UIInterfaceOrientationPortrait UIInterfaceOrientationPortraitUpsideDown UIInterfaceOrientationLandscapeLeft UIInterfaceOrientationLandscapeRight";
				INFOPLIST_KEY_UISupportedInterfaceOrientations_iPhone = "UIInterfaceOrientationPortrait UIInterfaceOrientationLandscapeLeft UIInterfaceOrientationLandscapeRight";
				IPHONEOS_DEPLOYMENT_TARGET = 13.0;
				LD_RUNPATH_SEARCH_PATHS = (
					"$(inherited)",
					"@executable_path/Frameworks",
				);
				MARKETING_VERSION = 1.0;
				PRODUCT_BUNDLE_IDENTIFIER = "com.cs4372.Budget-App";
				PRODUCT_NAME = "$(TARGET_NAME)";
				SWIFT_EMIT_LOC_STRINGS = YES;
				SWIFT_VERSION = 5.0;
				TARGETED_DEVICE_FAMILY = "1,2";
			};
			name = Release;
		};
/* End XCBuildConfiguration section */

/* Begin XCConfigurationList section */
		477E602729AAFEC100CBBEF7 /* Build configuration list for PBXProject "Budget-App" */ = {
			isa = XCConfigurationList;
			buildConfigurations = (
				477E604129AAFEC400CBBEF7 /* Debug */,
				477E604229AAFEC400CBBEF7 /* Release */,
			);
			defaultConfigurationIsVisible = 0;
			defaultConfigurationName = Release;
		};
		477E604329AAFEC400CBBEF7 /* Build configuration list for PBXNativeTarget "Budget-App" */ = {
			isa = XCConfigurationList;
			buildConfigurations = (
				477E604429AAFEC400CBBEF7 /* Debug */,
				477E604529AAFEC400CBBEF7 /* Release */,
			);
			defaultConfigurationIsVisible = 0;
			defaultConfigurationName = Release;
		};
/* End XCConfigurationList section */

/* Begin XCVersionGroup section */
		47B53ACD29C2BC7400251BFC /* Budget_App.xcdatamodeld */ = {
			isa = XCVersionGroup;
			children = (
				47B53ACE29C2BC7400251BFC /* Budget_App.xcdatamodel */,
			);
			currentVersion = 47B53ACE29C2BC7400251BFC /* Budget_App.xcdatamodel */;
			path = Budget_App.xcdatamodeld;
			sourceTree = "<group>";
			versionGroupType = wrapper.xcdatamodel;
		};
/* End XCVersionGroup section */
	};
	rootObject = 477E602429AAFEC100CBBEF7 /* Project object */;
}
