// !$*UTF8*$!
{
	archiveVersion = 1;
	classes = {
	};
	objectVersion = 56;
	objects = {

/* Begin PBXBuildFile section */
		47C9C0F7297DC5B50064E9F7 /* AppDelegate.swift in Sources */ = {isa = PBXBuildFile; fileRef = 47C9C0F6297DC5B50064E9F7 /* AppDelegate.swift */; };
		47C9C0F9297DC5B50064E9F7 /* SceneDelegate.swift in Sources */ = {isa = PBXBuildFile; fileRef = 47C9C0F8297DC5B50064E9F7 /* SceneDelegate.swift */; };
		47C9C100297DC5B70064E9F7 /* Assets.xcassets in Resources */ = {isa = PBXBuildFile; fileRef = 47C9C0FF297DC5B70064E9F7 /* Assets.xcassets */; };
		47C9C103297DC5B70064E9F7 /* LaunchScreen.storyboard in Resources */ = {isa = PBXBuildFile; fileRef = 47C9C101297DC5B70064E9F7 /* LaunchScreen.storyboard */; };
		47C9C10B297E34670064E9F7 /* SwipingController.swift in Sources */ = {isa = PBXBuildFile; fileRef = 47C9C10A297E34670064E9F7 /* SwipingController.swift */; };
		47C9C10D297E4BB60064E9F7 /* PageCell.swift in Sources */ = {isa = PBXBuildFile; fileRef = 47C9C10C297E4BB60064E9F7 /* PageCell.swift */; };
		47D0C680297EF69700C43F33 /* Page.swift in Sources */ = {isa = PBXBuildFile; fileRef = 47D0C67F297EF69700C43F33 /* Page.swift */; };
		47D0C682297F5D7200C43F33 /* SwipingController+extension.swift in Sources */ = {isa = PBXBuildFile; fileRef = 47D0C681297F5D7200C43F33 /* SwipingController+extension.swift */; };
/* End PBXBuildFile section */

/* Begin PBXFileReference section */
		47C9C0F3297DC5B50064E9F7 /* Auto-Layout-Programmatically.app */ = {isa = PBXFileReference; explicitFileType = wrapper.application; includeInIndex = 0; path = "Auto-Layout-Programmatically.app"; sourceTree = BUILT_PRODUCTS_DIR; };
		47C9C0F6297DC5B50064E9F7 /* AppDelegate.swift */ = {isa = PBXFileReference; lastKnownFileType = sourcecode.swift; path = AppDelegate.swift; sourceTree = "<group>"; };
		47C9C0F8297DC5B50064E9F7 /* SceneDelegate.swift */ = {isa = PBXFileReference; lastKnownFileType = sourcecode.swift; path = SceneDelegate.swift; sourceTree = "<group>"; };
		47C9C0FF297DC5B70064E9F7 /* Assets.xcassets */ = {isa = PBXFileReference; lastKnownFileType = folder.assetcatalog; path = Assets.xcassets; sourceTree = "<group>"; };
		47C9C102297DC5B70064E9F7 /* Base */ = {isa = PBXFileReference; lastKnownFileType = file.storyboard; name = Base; path = Base.lproj/LaunchScreen.storyboard; sourceTree = "<group>"; };
		47C9C104297DC5B70064E9F7 /* Info.plist */ = {isa = PBXFileReference; lastKnownFileType = text.plist.xml; path = Info.plist; sourceTree = "<group>"; };
		47C9C10A297E34670064E9F7 /* SwipingController.swift */ = {isa = PBXFileReference; lastKnownFileType = sourcecode.swift; path = SwipingController.swift; sourceTree = "<group>"; };
		47C9C10C297E4BB60064E9F7 /* PageCell.swift */ = {isa = PBXFileReference; lastKnownFileType = sourcecode.swift; path = PageCell.swift; sourceTree = "<group>"; };
		47D0C67F297EF69700C43F33 /* Page.swift */ = {isa = PBXFileReference; lastKnownFileType = sourcecode.swift; path = Page.swift; sourceTree = "<group>"; };
		47D0C681297F5D7200C43F33 /* SwipingController+extension.swift */ = {isa = PBXFileReference; lastKnownFileType = sourcecode.swift; path = "SwipingController+extension.swift"; sourceTree = "<group>"; };
/* End PBXFileReference section */

/* Begin PBXFrameworksBuildPhase section */
		47C9C0F0297DC5B50064E9F7 /* Frameworks */ = {
			isa = PBXFrameworksBuildPhase;
			buildActionMask = 2147483647;
			files = (
			);
			runOnlyForDeploymentPostprocessing = 0;
		};
/* End PBXFrameworksBuildPhase section */

/* Begin PBXGroup section */
		47C9C0EA297DC5B50064E9F7 = {
			isa = PBXGroup;
			children = (
				47D0C681297F5D7200C43F33 /* SwipingController+extension.swift */,
				47C9C0F5297DC5B50064E9F7 /* Auto-Layout-Programmatically */,
				47C9C0F4297DC5B50064E9F7 /* Products */,
			);
			sourceTree = "<group>";
		};
		47C9C0F4297DC5B50064E9F7 /* Products */ = {
			isa = PBXGroup;
			children = (
				47C9C0F3297DC5B50064E9F7 /* Auto-Layout-Programmatically.app */,
			);
			name = Products;
			sourceTree = "<group>";
		};
		47C9C0F5297DC5B50064E9F7 /* Auto-Layout-Programmatically */ = {
			isa = PBXGroup;
			children = (
				47C9C0F6297DC5B50064E9F7 /* AppDelegate.swift */,
				47C9C0F8297DC5B50064E9F7 /* SceneDelegate.swift */,
				47C9C0FF297DC5B70064E9F7 /* Assets.xcassets */,
				47C9C101297DC5B70064E9F7 /* LaunchScreen.storyboard */,
				47C9C104297DC5B70064E9F7 /* Info.plist */,
				47C9C10A297E34670064E9F7 /* SwipingController.swift */,
				47C9C10C297E4BB60064E9F7 /* PageCell.swift */,
				47D0C67F297EF69700C43F33 /* Page.swift */,
			);
			path = "Auto-Layout-Programmatically";
			sourceTree = "<group>";
		};
/* End PBXGroup section */

/* Begin PBXNativeTarget section */
		47C9C0F2297DC5B50064E9F7 /* Auto-Layout-Programmatically */ = {
			isa = PBXNativeTarget;
			buildConfigurationList = 47C9C107297DC5B70064E9F7 /* Build configuration list for PBXNativeTarget "Auto-Layout-Programmatically" */;
			buildPhases = (
				47C9C0EF297DC5B50064E9F7 /* Sources */,
				47C9C0F0297DC5B50064E9F7 /* Frameworks */,
				47C9C0F1297DC5B50064E9F7 /* Resources */,
			);
			buildRules = (
			);
			dependencies = (
			);
			name = "Auto-Layout-Programmatically";
			productName = "Auto-Layout-Programmatically";
			productReference = 47C9C0F3297DC5B50064E9F7 /* Auto-Layout-Programmatically.app */;
			productType = "com.apple.product-type.application";
		};
/* End PBXNativeTarget section */

/* Begin PBXProject section */
		47C9C0EB297DC5B50064E9F7 /* Project object */ = {
			isa = PBXProject;
			attributes = {
				BuildIndependentTargetsInParallel = 1;
				LastSwiftUpdateCheck = 1420;
				LastUpgradeCheck = 1420;
				TargetAttributes = {
					47C9C0F2297DC5B50064E9F7 = {
						CreatedOnToolsVersion = 14.2;
					};
				};
			};
			buildConfigurationList = 47C9C0EE297DC5B50064E9F7 /* Build configuration list for PBXProject "Auto-Layout-Programmatically" */;
			compatibilityVersion = "Xcode 14.0";
			developmentRegion = en;
			hasScannedForEncodings = 0;
			knownRegions = (
				en,
				Base,
			);
			mainGroup = 47C9C0EA297DC5B50064E9F7;
			productRefGroup = 47C9C0F4297DC5B50064E9F7 /* Products */;
			projectDirPath = "";
			projectRoot = "";
			targets = (
				47C9C0F2297DC5B50064E9F7 /* Auto-Layout-Programmatically */,
			);
		};
/* End PBXProject section */

/* Begin PBXResourcesBuildPhase section */
		47C9C0F1297DC5B50064E9F7 /* Resources */ = {
			isa = PBXResourcesBuildPhase;
			buildActionMask = 2147483647;
			files = (
				47C9C103297DC5B70064E9F7 /* LaunchScreen.storyboard in Resources */,
				47C9C100297DC5B70064E9F7 /* Assets.xcassets in Resources */,
			);
			runOnlyForDeploymentPostprocessing = 0;
		};
/* End PBXResourcesBuildPhase section */

/* Begin PBXSourcesBuildPhase section */
		47C9C0EF297DC5B50064E9F7 /* Sources */ = {
			isa = PBXSourcesBuildPhase;
			buildActionMask = 2147483647;
			files = (
				47C9C10B297E34670064E9F7 /* SwipingController.swift in Sources */,
				47C9C10D297E4BB60064E9F7 /* PageCell.swift in Sources */,
				47D0C680297EF69700C43F33 /* Page.swift in Sources */,
				47C9C0F7297DC5B50064E9F7 /* AppDelegate.swift in Sources */,
				47C9C0F9297DC5B50064E9F7 /* SceneDelegate.swift in Sources */,
				47D0C682297F5D7200C43F33 /* SwipingController+extension.swift in Sources */,
			);
			runOnlyForDeploymentPostprocessing = 0;
		};
/* End PBXSourcesBuildPhase section */

/* Begin PBXVariantGroup section */
		47C9C101297DC5B70064E9F7 /* LaunchScreen.storyboard */ = {
			isa = PBXVariantGroup;
			children = (
				47C9C102297DC5B70064E9F7 /* Base */,
			);
			name = LaunchScreen.storyboard;
			sourceTree = "<group>";
		};
/* End PBXVariantGroup section */

/* Begin XCBuildConfiguration section */
		47C9C105297DC5B70064E9F7 /* Debug */ = {
			isa = XCBuildConfiguration;
			buildSettings = {
				ALWAYS_SEARCH_USER_PATHS = NO;
				CLANG_ANALYZER_NONNULL = YES;
				CLANG_ANALYZER_NUMBER_OBJECT_CONVERSION = YES_AGGRESSIVE;
				CLANG_CXX_LANGUAGE_STANDARD = "gnu++20";
				CLANG_ENABLE_MODULES = YES;
				CLANG_ENABLE_OBJC_ARC = YES;
				CLANG_ENABLE_OBJC_WEAK = YES;
				CLANG_WARN_BLOCK_CAPTURE_AUTORELEASING = YES;
				CLANG_WARN_BOOL_CONVERSION = YES;
				CLANG_WARN_COMMA = YES;
				CLANG_WARN_CONSTANT_CONVERSION = YES;
				CLANG_WARN_DEPRECATED_OBJC_IMPLEMENTATIONS = YES;
				CLANG_WARN_DIRECT_OBJC_ISA_USAGE = YES_ERROR;
				CLANG_WARN_DOCUMENTATION_COMMENTS = YES;
				CLANG_WARN_EMPTY_BODY = YES;
				CLANG_WARN_ENUM_CONVERSION = YES;
				CLANG_WARN_INFINITE_RECURSION = YES;
				CLANG_WARN_INT_CONVERSION = YES;
				CLANG_WARN_NON_LITERAL_NULL_CONVERSION = YES;
				CLANG_WARN_OBJC_IMPLICIT_RETAIN_SELF = YES;
				CLANG_WARN_OBJC_LITERAL_CONVERSION = YES;
				CLANG_WARN_OBJC_ROOT_CLASS = YES_ERROR;
				CLANG_WARN_QUOTED_INCLUDE_IN_FRAMEWORK_HEADER = YES;
				CLANG_WARN_RANGE_LOOP_ANALYSIS = YES;
				CLANG_WARN_STRICT_PROTOTYPES = YES;
				CLANG_WARN_SUSPICIOUS_MOVE = YES;
				CLANG_WARN_UNGUARDED_AVAILABILITY = YES_AGGRESSIVE;
				CLANG_WARN_UNREACHABLE_CODE = YES;
				CLANG_WARN__DUPLICATE_METHOD_MATCH = YES;
				COPY_PHASE_STRIP = NO;
				DEBUG_INFORMATION_FORMAT = dwarf;
				ENABLE_STRICT_OBJC_MSGSEND = YES;
				ENABLE_TESTABILITY = YES;
				GCC_C_LANGUAGE_STANDARD = gnu11;
				GCC_DYNAMIC_NO_PIC = NO;
				GCC_NO_COMMON_BLOCKS = YES;
				GCC_OPTIMIZATION_LEVEL = 0;
				GCC_PREPROCESSOR_DEFINITIONS = (
					"DEBUG=1",
					"$(inherited)",
				);
				GCC_WARN_64_TO_32_BIT_CONVERSION = YES;
				GCC_WARN_ABOUT_RETURN_TYPE = YES_ERROR;
				GCC_WARN_UNDECLARED_SELECTOR = YES;
				GCC_WARN_UNINITIALIZED_AUTOS = YES_AGGRESSIVE;
				GCC_WARN_UNUSED_FUNCTION = YES;
				GCC_WARN_UNUSED_VARIABLE = YES;
				IPHONEOS_DEPLOYMENT_TARGET = 16.2;
				MTL_ENABLE_DEBUG_INFO = INCLUDE_SOURCE;
				MTL_FAST_MATH = YES;
				ONLY_ACTIVE_ARCH = YES;
				SDKROOT = iphoneos;
				SWIFT_ACTIVE_COMPILATION_CONDITIONS = DEBUG;
				SWIFT_OPTIMIZATION_LEVEL = "-Onone";
			};
			name = Debug;
		};
		47C9C106297DC5B70064E9F7 /* Release */ = {
			isa = XCBuildConfiguration;
			buildSettings = {
				ALWAYS_SEARCH_USER_PATHS = NO;
				CLANG_ANALYZER_NONNULL = YES;
				CLANG_ANALYZER_NUMBER_OBJECT_CONVERSION = YES_AGGRESSIVE;
				CLANG_CXX_LANGUAGE_STANDARD = "gnu++20";
				CLANG_ENABLE_MODULES = YES;
				CLANG_ENABLE_OBJC_ARC = YES;
				CLANG_ENABLE_OBJC_WEAK = YES;
				CLANG_WARN_BLOCK_CAPTURE_AUTORELEASING = YES;
				CLANG_WARN_BOOL_CONVERSION = YES;
				CLANG_WARN_COMMA = YES;
				CLANG_WARN_CONSTANT_CONVERSION = YES;
				CLANG_WARN_DEPRECATED_OBJC_IMPLEMENTATIONS = YES;
				CLANG_WARN_DIRECT_OBJC_ISA_USAGE = YES_ERROR;
				CLANG_WARN_DOCUMENTATION_COMMENTS = YES;
				CLANG_WARN_EMPTY_BODY = YES;
				CLANG_WARN_ENUM_CONVERSION = YES;
				CLANG_WARN_INFINITE_RECURSION = YES;
				CLANG_WARN_INT_CONVERSION = YES;
				CLANG_WARN_NON_LITERAL_NULL_CONVERSION = YES;
				CLANG_WARN_OBJC_IMPLICIT_RETAIN_SELF = YES;
				CLANG_WARN_OBJC_LITERAL_CONVERSION = YES;
				CLANG_WARN_OBJC_ROOT_CLASS = YES_ERROR;
				CLANG_WARN_QUOTED_INCLUDE_IN_FRAMEWORK_HEADER = YES;
				CLANG_WARN_RANGE_LOOP_ANALYSIS = YES;
				CLANG_WARN_STRICT_PROTOTYPES = YES;
				CLANG_WARN_SUSPICIOUS_MOVE = YES;
				CLANG_WARN_UNGUARDED_AVAILABILITY = YES_AGGRESSIVE;
				CLANG_WARN_UNREACHABLE_CODE = YES;
				CLANG_WARN__DUPLICATE_METHOD_MATCH = YES;
				COPY_PHASE_STRIP = NO;
				DEBUG_INFORMATION_FORMAT = "dwarf-with-dsym";
				ENABLE_NS_ASSERTIONS = NO;
				ENABLE_STRICT_OBJC_MSGSEND = YES;
				GCC_C_LANGUAGE_STANDARD = gnu11;
				GCC_NO_COMMON_BLOCKS = YES;
				GCC_WARN_64_TO_32_BIT_CONVERSION = YES;
				GCC_WARN_ABOUT_RETURN_TYPE = YES_ERROR;
				GCC_WARN_UNDECLARED_SELECTOR = YES;
				GCC_WARN_UNINITIALIZED_AUTOS = YES_AGGRESSIVE;
				GCC_WARN_UNUSED_FUNCTION = YES;
				GCC_WARN_UNUSED_VARIABLE = YES;
				IPHONEOS_DEPLOYMENT_TARGET = 16.2;
				MTL_ENABLE_DEBUG_INFO = NO;
				MTL_FAST_MATH = YES;
				SDKROOT = iphoneos;
				SWIFT_COMPILATION_MODE = wholemodule;
				SWIFT_OPTIMIZATION_LEVEL = "-O";
				VALIDATE_PRODUCT = YES;
			};
			name = Release;
		};
		47C9C108297DC5B70064E9F7 /* Debug */ = {
			isa = XCBuildConfiguration;
			buildSettings = {
				ASSETCATALOG_COMPILER_APPICON_NAME = AppIcon;
				ASSETCATALOG_COMPILER_GLOBAL_ACCENT_COLOR_NAME = AccentColor;
				CODE_SIGN_STYLE = Automatic;
				CURRENT_PROJECT_VERSION = 1;
				DEVELOPMENT_TEAM = 9DJ3NHWZB3;
				GENERATE_INFOPLIST_FILE = YES;
				INFOPLIST_FILE = "Auto-Layout-Programmatically/Info.plist";
				INFOPLIST_KEY_UIApplicationSupportsIndirectInputEvents = YES;
				INFOPLIST_KEY_UILaunchStoryboardName = LaunchScreen;
				INFOPLIST_KEY_UISupportedInterfaceOrientations_iPad = "UIInterfaceOrientationPortrait UIInterfaceOrientationPortraitUpsideDown UIInterfaceOrientationLandscapeLeft UIInterfaceOrientationLandscapeRight";
				INFOPLIST_KEY_UISupportedInterfaceOrientations_iPhone = "UIInterfaceOrientationPortrait UIInterfaceOrientationLandscapeLeft UIInterfaceOrientationLandscapeRight";
				LD_RUNPATH_SEARCH_PATHS = (
					"$(inherited)",
					"@executable_path/Frameworks",
				);
				MARKETING_VERSION = 1.0;
				PRODUCT_BUNDLE_IDENTIFIER = "com.cs4372.Auto-Layout-Programmatically";
				PRODUCT_NAME = "$(TARGET_NAME)";
				SWIFT_EMIT_LOC_STRINGS = YES;
				SWIFT_VERSION = 5.0;
				TARGETED_DEVICE_FAMILY = "1,2";
			};
			name = Debug;
		};
		47C9C109297DC5B70064E9F7 /* Release */ = {
			isa = XCBuildConfiguration;
			buildSettings = {
				ASSETCATALOG_COMPILER_APPICON_NAME = AppIcon;
				ASSETCATALOG_COMPILER_GLOBAL_ACCENT_COLOR_NAME = AccentColor;
				CODE_SIGN_STYLE = Automatic;
				CURRENT_PROJECT_VERSION = 1;
				DEVELOPMENT_TEAM = 9DJ3NHWZB3;
				GENERATE_INFOPLIST_FILE = YES;
				INFOPLIST_FILE = "Auto-Layout-Programmatically/Info.plist";
				INFOPLIST_KEY_UIApplicationSupportsIndirectInputEvents = YES;
				INFOPLIST_KEY_UILaunchStoryboardName = LaunchScreen;
				INFOPLIST_KEY_UISupportedInterfaceOrientations_iPad = "UIInterfaceOrientationPortrait UIInterfaceOrientationPortraitUpsideDown UIInterfaceOrientationLandscapeLeft UIInterfaceOrientationLandscapeRight";
				INFOPLIST_KEY_UISupportedInterfaceOrientations_iPhone = "UIInterfaceOrientationPortrait UIInterfaceOrientationLandscapeLeft UIInterfaceOrientationLandscapeRight";
				LD_RUNPATH_SEARCH_PATHS = (
					"$(inherited)",
					"@executable_path/Frameworks",
				);
				MARKETING_VERSION = 1.0;
				PRODUCT_BUNDLE_IDENTIFIER = "com.cs4372.Auto-Layout-Programmatically";
				PRODUCT_NAME = "$(TARGET_NAME)";
				SWIFT_EMIT_LOC_STRINGS = YES;
				SWIFT_VERSION = 5.0;
				TARGETED_DEVICE_FAMILY = "1,2";
			};
			name = Release;
		};
/* End XCBuildConfiguration section */

/* Begin XCConfigurationList section */
		47C9C0EE297DC5B50064E9F7 /* Build configuration list for PBXProject "Auto-Layout-Programmatically" */ = {
			isa = XCConfigurationList;
			buildConfigurations = (
				47C9C105297DC5B70064E9F7 /* Debug */,
				47C9C106297DC5B70064E9F7 /* Release */,
			);
			defaultConfigurationIsVisible = 0;
			defaultConfigurationName = Release;
		};
		47C9C107297DC5B70064E9F7 /* Build configuration list for PBXNativeTarget "Auto-Layout-Programmatically" */ = {
			isa = XCConfigurationList;
			buildConfigurations = (
				47C9C108297DC5B70064E9F7 /* Debug */,
				47C9C109297DC5B70064E9F7 /* Release */,
			);
			defaultConfigurationIsVisible = 0;
			defaultConfigurationName = Release;
		};
/* End XCConfigurationList section */
	};
	rootObject = 47C9C0EB297DC5B50064E9F7 /* Project object */;
}
