// !$*UTF8*$!
{
	archiveVersion = 1;
	classes = {
	};
	objectVersion = 56;
	objects = {

/* Begin PBXBuildFile section */
		4701A0F02A09FCC800D411BD /* ChatCell.swift in Sources */ = {isa = PBXBuildFile; fileRef = 4701A0EF2A09FCC800D411BD /* ChatCell.swift */; };
		4701A0F42A12070C00D411BD /* MessageCell.swift in Sources */ = {isa = PBXBuildFile; fileRef = 4701A0F32A12070C00D411BD /* MessageCell.swift */; };
		471C16162A08420200D974EA /* AppDelegate.swift in Sources */ = {isa = PBXBuildFile; fileRef = 471C16152A08420200D974EA /* AppDelegate.swift */; };
		471C16182A08420200D974EA /* SceneDelegate.swift in Sources */ = {isa = PBXBuildFile; fileRef = 471C16172A08420200D974EA /* SceneDelegate.swift */; };
		471C161A2A08420200D974EA /* ViewController.swift in Sources */ = {isa = PBXBuildFile; fileRef = 471C16192A08420200D974EA /* ViewController.swift */; };
		471C161F2A08420500D974EA /* Assets.xcassets in Resources */ = {isa = PBXBuildFile; fileRef = 471C161E2A08420500D974EA /* Assets.xcassets */; };
		471C16222A08420500D974EA /* LaunchScreen.storyboard in Resources */ = {isa = PBXBuildFile; fileRef = 471C16202A08420500D974EA /* LaunchScreen.storyboard */; };
		471C162A2A08438200D974EA /* WelcomeViewController.swift in Sources */ = {isa = PBXBuildFile; fileRef = 471C16292A08438200D974EA /* WelcomeViewController.swift */; };
		471C162C2A0844DE00D974EA /* LoginViewController.swift in Sources */ = {isa = PBXBuildFile; fileRef = 471C162B2A0844DE00D974EA /* LoginViewController.swift */; };
		471C162F2A0844FD00D974EA /* RegisterViewController.swift in Sources */ = {isa = PBXBuildFile; fileRef = 471C162E2A0844FD00D974EA /* RegisterViewController.swift */; };
		471C16312A0870E800D974EA /* GoogleService-Info.plist in Resources */ = {isa = PBXBuildFile; fileRef = 471C16302A0870E700D974EA /* GoogleService-Info.plist */; };
		471C16362A08746E00D974EA /* GoogleService-Info.plist in Resources */ = {isa = PBXBuildFile; fileRef = 471C16352A08746E00D974EA /* GoogleService-Info.plist */; };
		471C16382A0879CD00D974EA /* MessagesViewController.swift in Sources */ = {isa = PBXBuildFile; fileRef = 471C16372A0879CD00D974EA /* MessagesViewController.swift */; };
		471C163A2A08A03800D974EA /* UsersViewController.swift in Sources */ = {isa = PBXBuildFile; fileRef = 471C16392A08A03800D974EA /* UsersViewController.swift */; };
		471C163D2A08A1D600D974EA /* User.swift in Sources */ = {isa = PBXBuildFile; fileRef = 471C163C2A08A1D600D974EA /* User.swift */; };
		471C163F2A08C2BA00D974EA /* ChatViewController.swift in Sources */ = {isa = PBXBuildFile; fileRef = 471C163E2A08C2BA00D974EA /* ChatViewController.swift */; };
		471C16412A09E56F00D974EA /* Message.swift in Sources */ = {isa = PBXBuildFile; fileRef = 471C16402A09E56F00D974EA /* Message.swift */; };
		FD81DE157CB4EA6BD9CE0EE0 /* Pods_ChatApp.framework in Frameworks */ = {isa = PBXBuildFile; fileRef = C8D0B189E36D62F517094582 /* Pods_ChatApp.framework */; };
/* End PBXBuildFile section */

/* Begin PBXFileReference section */
		0E64EC81BEDD873FEB0250EB /* Pods-ChatApp.debug.xcconfig */ = {isa = PBXFileReference; includeInIndex = 1; lastKnownFileType = text.xcconfig; name = "Pods-ChatApp.debug.xcconfig"; path = "Target Support Files/Pods-ChatApp/Pods-ChatApp.debug.xcconfig"; sourceTree = "<group>"; };
		4701A0EF2A09FCC800D411BD /* ChatCell.swift */ = {isa = PBXFileReference; lastKnownFileType = sourcecode.swift; path = ChatCell.swift; sourceTree = "<group>"; };
		4701A0F12A10722200D411BD /* CoreBluetooth.framework */ = {isa = PBXFileReference; lastKnownFileType = wrapper.framework; name = CoreBluetooth.framework; path = System/Library/Frameworks/CoreBluetooth.framework; sourceTree = SDKROOT; };
		4701A0F32A12070C00D411BD /* MessageCell.swift */ = {isa = PBXFileReference; lastKnownFileType = sourcecode.swift; path = MessageCell.swift; sourceTree = "<group>"; };
		471C16122A08420200D974EA /* ChatApp.app */ = {isa = PBXFileReference; explicitFileType = wrapper.application; includeInIndex = 0; path = ChatApp.app; sourceTree = BUILT_PRODUCTS_DIR; };
		471C16152A08420200D974EA /* AppDelegate.swift */ = {isa = PBXFileReference; lastKnownFileType = sourcecode.swift; path = AppDelegate.swift; sourceTree = "<group>"; };
		471C16172A08420200D974EA /* SceneDelegate.swift */ = {isa = PBXFileReference; lastKnownFileType = sourcecode.swift; path = SceneDelegate.swift; sourceTree = "<group>"; };
		471C16192A08420200D974EA /* ViewController.swift */ = {isa = PBXFileReference; lastKnownFileType = sourcecode.swift; path = ViewController.swift; sourceTree = "<group>"; };
		471C161E2A08420500D974EA /* Assets.xcassets */ = {isa = PBXFileReference; lastKnownFileType = folder.assetcatalog; path = Assets.xcassets; sourceTree = "<group>"; };
		471C16212A08420500D974EA /* Base */ = {isa = PBXFileReference; lastKnownFileType = file.storyboard; name = Base; path = Base.lproj/LaunchScreen.storyboard; sourceTree = "<group>"; };
		471C16232A08420500D974EA /* Info.plist */ = {isa = PBXFileReference; lastKnownFileType = text.plist.xml; path = Info.plist; sourceTree = "<group>"; };
		471C16292A08438200D974EA /* WelcomeViewController.swift */ = {isa = PBXFileReference; lastKnownFileType = sourcecode.swift; path = WelcomeViewController.swift; sourceTree = "<group>"; };
		471C162B2A0844DE00D974EA /* LoginViewController.swift */ = {isa = PBXFileReference; lastKnownFileType = sourcecode.swift; path = LoginViewController.swift; sourceTree = "<group>"; };
		471C162E2A0844FD00D974EA /* RegisterViewController.swift */ = {isa = PBXFileReference; lastKnownFileType = sourcecode.swift; path = RegisterViewController.swift; sourceTree = "<group>"; };
		471C16302A0870E700D974EA /* GoogleService-Info.plist */ = {isa = PBXFileReference; fileEncoding = 4; lastKnownFileType = text.plist.xml; path = "GoogleService-Info.plist"; sourceTree = "<group>"; };
		471C16352A08746E00D974EA /* GoogleService-Info.plist */ = {isa = PBXFileReference; lastKnownFileType = text.plist.xml; path = "GoogleService-Info.plist"; sourceTree = SOURCE_ROOT; };
		471C16372A0879CD00D974EA /* MessagesViewController.swift */ = {isa = PBXFileReference; lastKnownFileType = sourcecode.swift; path = MessagesViewController.swift; sourceTree = "<group>"; };
		471C16392A08A03800D974EA /* UsersViewController.swift */ = {isa = PBXFileReference; lastKnownFileType = sourcecode.swift; path = UsersViewController.swift; sourceTree = "<group>"; };
		471C163C2A08A1D600D974EA /* User.swift */ = {isa = PBXFileReference; lastKnownFileType = sourcecode.swift; path = User.swift; sourceTree = "<group>"; };
		471C163E2A08C2BA00D974EA /* ChatViewController.swift */ = {isa = PBXFileReference; lastKnownFileType = sourcecode.swift; path = ChatViewController.swift; sourceTree = "<group>"; };
		471C16402A09E56F00D974EA /* Message.swift */ = {isa = PBXFileReference; lastKnownFileType = sourcecode.swift; path = Message.swift; sourceTree = "<group>"; };
		C8D0B189E36D62F517094582 /* Pods_ChatApp.framework */ = {isa = PBXFileReference; explicitFileType = wrapper.framework; includeInIndex = 0; path = Pods_ChatApp.framework; sourceTree = BUILT_PRODUCTS_DIR; };
		E6CC368DA7528E9471EF0E04 /* Pods-ChatApp.release.xcconfig */ = {isa = PBXFileReference; includeInIndex = 1; lastKnownFileType = text.xcconfig; name = "Pods-ChatApp.release.xcconfig"; path = "Target Support Files/Pods-ChatApp/Pods-ChatApp.release.xcconfig"; sourceTree = "<group>"; };
/* End PBXFileReference section */

/* Begin PBXFrameworksBuildPhase section */
		471C160F2A08420200D974EA /* Frameworks */ = {
			isa = PBXFrameworksBuildPhase;
			buildActionMask = 2147483647;
			files = (
				FD81DE157CB4EA6BD9CE0EE0 /* Pods_ChatApp.framework in Frameworks */,
			);
			runOnlyForDeploymentPostprocessing = 0;
		};
/* End PBXFrameworksBuildPhase section */

/* Begin PBXGroup section */
		4701A0EE2A09FCB900D411BD /* View */ = {
			isa = PBXGroup;
			children = (
				4701A0EF2A09FCC800D411BD /* ChatCell.swift */,
				4701A0F32A12070C00D411BD /* MessageCell.swift */,
			);
			path = View;
			sourceTree = "<group>";
		};
		471C16092A08420200D974EA = {
			isa = PBXGroup;
			children = (
				471C16352A08746E00D974EA /* GoogleService-Info.plist */,
				471C16142A08420200D974EA /* ChatApp */,
				471C16132A08420200D974EA /* Products */,
				A43269AE51C27757102BA9F2 /* Pods */,
				85B5AACD8A92765A80B8A0F7 /* Frameworks */,
			);
			sourceTree = "<group>";
		};
		471C16132A08420200D974EA /* Products */ = {
			isa = PBXGroup;
			children = (
				471C16122A08420200D974EA /* ChatApp.app */,
			);
			name = Products;
			sourceTree = "<group>";
		};
		471C16142A08420200D974EA /* ChatApp */ = {
			isa = PBXGroup;
			children = (
				4701A0EE2A09FCB900D411BD /* View */,
				471C163B2A08A1CB00D974EA /* Model */,
				471C162D2A0844EB00D974EA /* Controllers */,
				471C16152A08420200D974EA /* AppDelegate.swift */,
				471C16172A08420200D974EA /* SceneDelegate.swift */,
				471C16192A08420200D974EA /* ViewController.swift */,
				471C161E2A08420500D974EA /* Assets.xcassets */,
				471C16202A08420500D974EA /* LaunchScreen.storyboard */,
				471C16232A08420500D974EA /* Info.plist */,
			);
			path = ChatApp;
			sourceTree = "<group>";
		};
		471C162D2A0844EB00D974EA /* Controllers */ = {
			isa = PBXGroup;
			children = (
				471C16292A08438200D974EA /* WelcomeViewController.swift */,
				471C162B2A0844DE00D974EA /* LoginViewController.swift */,
				471C162E2A0844FD00D974EA /* RegisterViewController.swift */,
				471C16372A0879CD00D974EA /* MessagesViewController.swift */,
				471C16392A08A03800D974EA /* UsersViewController.swift */,
				471C163E2A08C2BA00D974EA /* ChatViewController.swift */,
			);
			path = Controllers;
			sourceTree = "<group>";
		};
		471C163B2A08A1CB00D974EA /* Model */ = {
			isa = PBXGroup;
			children = (
				471C163C2A08A1D600D974EA /* User.swift */,
				471C16402A09E56F00D974EA /* Message.swift */,
			);
			path = Model;
			sourceTree = "<group>";
		};
		85B5AACD8A92765A80B8A0F7 /* Frameworks */ = {
			isa = PBXGroup;
			children = (
				4701A0F12A10722200D411BD /* CoreBluetooth.framework */,
				471C16302A0870E700D974EA /* GoogleService-Info.plist */,
				C8D0B189E36D62F517094582 /* Pods_ChatApp.framework */,
			);
			name = Frameworks;
			sourceTree = "<group>";
		};
		A43269AE51C27757102BA9F2 /* Pods */ = {
			isa = PBXGroup;
			children = (
				0E64EC81BEDD873FEB0250EB /* Pods-ChatApp.debug.xcconfig */,
				E6CC368DA7528E9471EF0E04 /* Pods-ChatApp.release.xcconfig */,
			);
			path = Pods;
			sourceTree = "<group>";
		};
/* End PBXGroup section */

/* Begin PBXNativeTarget section */
		471C16112A08420200D974EA /* ChatApp */ = {
			isa = PBXNativeTarget;
			buildConfigurationList = 471C16262A08420500D974EA /* Build configuration list for PBXNativeTarget "ChatApp" */;
			buildPhases = (
				97679F1D2ECBA7DB873CA860 /* [CP] Check Pods Manifest.lock */,
				471C160E2A08420200D974EA /* Sources */,
				471C160F2A08420200D974EA /* Frameworks */,
				471C16102A08420200D974EA /* Resources */,
				E687E0B23491F73D3DBDECD9 /* [CP] Embed Pods Frameworks */,
			);
			buildRules = (
			);
			dependencies = (
			);
			name = ChatApp;
			productName = ChatApp;
			productReference = 471C16122A08420200D974EA /* ChatApp.app */;
			productType = "com.apple.product-type.application";
		};
/* End PBXNativeTarget section */

/* Begin PBXProject section */
		471C160A2A08420200D974EA /* Project object */ = {
			isa = PBXProject;
			attributes = {
				BuildIndependentTargetsInParallel = 1;
				LastSwiftUpdateCheck = 1430;
				LastUpgradeCheck = 1430;
				TargetAttributes = {
					471C16112A08420200D974EA = {
						CreatedOnToolsVersion = 14.3;
					};
				};
			};
			buildConfigurationList = 471C160D2A08420200D974EA /* Build configuration list for PBXProject "ChatApp" */;
			compatibilityVersion = "Xcode 14.0";
			developmentRegion = en;
			hasScannedForEncodings = 0;
			knownRegions = (
				en,
				Base,
			);
			mainGroup = 471C16092A08420200D974EA;
			productRefGroup = 471C16132A08420200D974EA /* Products */;
			projectDirPath = "";
			projectRoot = "";
			targets = (
				471C16112A08420200D974EA /* ChatApp */,
			);
		};
/* End PBXProject section */

/* Begin PBXResourcesBuildPhase section */
		471C16102A08420200D974EA /* Resources */ = {
			isa = PBXResourcesBuildPhase;
			buildActionMask = 2147483647;
			files = (
				471C16222A08420500D974EA /* LaunchScreen.storyboard in Resources */,
				471C16362A08746E00D974EA /* GoogleService-Info.plist in Resources */,
				471C16312A0870E800D974EA /* GoogleService-Info.plist in Resources */,
				471C161F2A08420500D974EA /* Assets.xcassets in Resources */,
			);
			runOnlyForDeploymentPostprocessing = 0;
		};
/* End PBXResourcesBuildPhase section */

/* Begin PBXShellScriptBuildPhase section */
		97679F1D2ECBA7DB873CA860 /* [CP] Check Pods Manifest.lock */ = {
			isa = PBXShellScriptBuildPhase;
			buildActionMask = 2147483647;
			files = (
			);
			inputFileListPaths = (
			);
			inputPaths = (
				"${PODS_PODFILE_DIR_PATH}/Podfile.lock",
				"${PODS_ROOT}/Manifest.lock",
			);
			name = "[CP] Check Pods Manifest.lock";
			outputFileListPaths = (
			);
			outputPaths = (
				"$(DERIVED_FILE_DIR)/Pods-ChatApp-checkManifestLockResult.txt",
			);
			runOnlyForDeploymentPostprocessing = 0;
			shellPath = /bin/sh;
			shellScript = "diff \"${PODS_PODFILE_DIR_PATH}/Podfile.lock\" \"${PODS_ROOT}/Manifest.lock\" > /dev/null\nif [ $? != 0 ] ; then\n    # print error to STDERR\n    echo \"error: The sandbox is not in sync with the Podfile.lock. Run 'pod install' or update your CocoaPods installation.\" >&2\n    exit 1\nfi\n# This output is used by Xcode 'outputs' to avoid re-running this script phase.\necho \"SUCCESS\" > \"${SCRIPT_OUTPUT_FILE_0}\"\n";
			showEnvVarsInLog = 0;
		};
		E687E0B23491F73D3DBDECD9 /* [CP] Embed Pods Frameworks */ = {
			isa = PBXShellScriptBuildPhase;
			buildActionMask = 2147483647;
			files = (
			);
			inputFileListPaths = (
				"${PODS_ROOT}/Target Support Files/Pods-ChatApp/Pods-ChatApp-frameworks-${CONFIGURATION}-input-files.xcfilelist",
			);
			name = "[CP] Embed Pods Frameworks";
			outputFileListPaths = (
				"${PODS_ROOT}/Target Support Files/Pods-ChatApp/Pods-ChatApp-frameworks-${CONFIGURATION}-output-files.xcfilelist",
			);
			runOnlyForDeploymentPostprocessing = 0;
			shellPath = /bin/sh;
			shellScript = "\"${PODS_ROOT}/Target Support Files/Pods-ChatApp/Pods-ChatApp-frameworks.sh\"\n";
			showEnvVarsInLog = 0;
		};
/* End PBXShellScriptBuildPhase section */

/* Begin PBXSourcesBuildPhase section */
		471C160E2A08420200D974EA /* Sources */ = {
			isa = PBXSourcesBuildPhase;
			buildActionMask = 2147483647;
			files = (
				471C161A2A08420200D974EA /* ViewController.swift in Sources */,
				471C16382A0879CD00D974EA /* MessagesViewController.swift in Sources */,
				471C162A2A08438200D974EA /* WelcomeViewController.swift in Sources */,
				471C16162A08420200D974EA /* AppDelegate.swift in Sources */,
				4701A0F42A12070C00D411BD /* MessageCell.swift in Sources */,
				471C162F2A0844FD00D974EA /* RegisterViewController.swift in Sources */,
				4701A0F02A09FCC800D411BD /* ChatCell.swift in Sources */,
				471C163D2A08A1D600D974EA /* User.swift in Sources */,
				471C16412A09E56F00D974EA /* Message.swift in Sources */,
				471C162C2A0844DE00D974EA /* LoginViewController.swift in Sources */,
				471C163F2A08C2BA00D974EA /* ChatViewController.swift in Sources */,
				471C16182A08420200D974EA /* SceneDelegate.swift in Sources */,
				471C163A2A08A03800D974EA /* UsersViewController.swift in Sources */,
			);
			runOnlyForDeploymentPostprocessing = 0;
		};
/* End PBXSourcesBuildPhase section */

/* Begin PBXVariantGroup section */
		471C16202A08420500D974EA /* LaunchScreen.storyboard */ = {
			isa = PBXVariantGroup;
			children = (
				471C16212A08420500D974EA /* Base */,
			);
			name = LaunchScreen.storyboard;
			sourceTree = "<group>";
		};
/* End PBXVariantGroup section */

/* Begin XCBuildConfiguration section */
		471C16242A08420500D974EA /* Debug */ = {
			isa = XCBuildConfiguration;
			buildSettings = {
				ALWAYS_SEARCH_USER_PATHS = NO;
				CLANG_ANALYZER_NONNULL = YES;
				CLANG_ANALYZER_NUMBER_OBJECT_CONVERSION = YES_AGGRESSIVE;
				CLANG_CXX_LANGUAGE_STANDARD = "gnu++20";
				CLANG_ENABLE_MODULES = YES;
				CLANG_ENABLE_OBJC_ARC = YES;
				CLANG_ENABLE_OBJC_WEAK = YES;
				CLANG_WARN_BLOCK_CAPTURE_AUTORELEASING = YES;
				CLANG_WARN_BOOL_CONVERSION = YES;
				CLANG_WARN_COMMA = YES;
				CLANG_WARN_CONSTANT_CONVERSION = YES;
				CLANG_WARN_DEPRECATED_OBJC_IMPLEMENTATIONS = YES;
				CLANG_WARN_DIRECT_OBJC_ISA_USAGE = YES_ERROR;
				CLANG_WARN_DOCUMENTATION_COMMENTS = YES;
				CLANG_WARN_EMPTY_BODY = YES;
				CLANG_WARN_ENUM_CONVERSION = YES;
				CLANG_WARN_INFINITE_RECURSION = YES;
				CLANG_WARN_INT_CONVERSION = YES;
				CLANG_WARN_NON_LITERAL_NULL_CONVERSION = YES;
				CLANG_WARN_OBJC_IMPLICIT_RETAIN_SELF = YES;
				CLANG_WARN_OBJC_LITERAL_CONVERSION = YES;
				CLANG_WARN_OBJC_ROOT_CLASS = YES_ERROR;
				CLANG_WARN_QUOTED_INCLUDE_IN_FRAMEWORK_HEADER = YES;
				CLANG_WARN_RANGE_LOOP_ANALYSIS = YES;
				CLANG_WARN_STRICT_PROTOTYPES = YES;
				CLANG_WARN_SUSPICIOUS_MOVE = YES;
				CLANG_WARN_UNGUARDED_AVAILABILITY = YES_AGGRESSIVE;
				CLANG_WARN_UNREACHABLE_CODE = YES;
				CLANG_WARN__DUPLICATE_METHOD_MATCH = YES;
				COPY_PHASE_STRIP = NO;
				DEBUG_INFORMATION_FORMAT = dwarf;
				ENABLE_STRICT_OBJC_MSGSEND = YES;
				ENABLE_TESTABILITY = YES;
				GCC_C_LANGUAGE_STANDARD = gnu11;
				GCC_DYNAMIC_NO_PIC = NO;
				GCC_NO_COMMON_BLOCKS = YES;
				GCC_OPTIMIZATION_LEVEL = 0;
				GCC_PREPROCESSOR_DEFINITIONS = (
					"DEBUG=1",
					"$(inherited)",
				);
				GCC_WARN_64_TO_32_BIT_CONVERSION = YES;
				GCC_WARN_ABOUT_RETURN_TYPE = YES_ERROR;
				GCC_WARN_UNDECLARED_SELECTOR = YES;
				GCC_WARN_UNINITIALIZED_AUTOS = YES_AGGRESSIVE;
				GCC_WARN_UNUSED_FUNCTION = YES;
				GCC_WARN_UNUSED_VARIABLE = YES;
				IPHONEOS_DEPLOYMENT_TARGET = 15.0;
				MTL_ENABLE_DEBUG_INFO = INCLUDE_SOURCE;
				MTL_FAST_MATH = YES;
				ONLY_ACTIVE_ARCH = YES;
				SDKROOT = iphoneos;
				SWIFT_ACTIVE_COMPILATION_CONDITIONS = DEBUG;
				SWIFT_OPTIMIZATION_LEVEL = "-Onone";
			};
			name = Debug;
		};
		471C16252A08420500D974EA /* Release */ = {
			isa = XCBuildConfiguration;
			buildSettings = {
				ALWAYS_SEARCH_USER_PATHS = NO;
				CLANG_ANALYZER_NONNULL = YES;
				CLANG_ANALYZER_NUMBER_OBJECT_CONVERSION = YES_AGGRESSIVE;
				CLANG_CXX_LANGUAGE_STANDARD = "gnu++20";
				CLANG_ENABLE_MODULES = YES;
				CLANG_ENABLE_OBJC_ARC = YES;
				CLANG_ENABLE_OBJC_WEAK = YES;
				CLANG_WARN_BLOCK_CAPTURE_AUTORELEASING = YES;
				CLANG_WARN_BOOL_CONVERSION = YES;
				CLANG_WARN_COMMA = YES;
				CLANG_WARN_CONSTANT_CONVERSION = YES;
				CLANG_WARN_DEPRECATED_OBJC_IMPLEMENTATIONS = YES;
				CLANG_WARN_DIRECT_OBJC_ISA_USAGE = YES_ERROR;
				CLANG_WARN_DOCUMENTATION_COMMENTS = YES;
				CLANG_WARN_EMPTY_BODY = YES;
				CLANG_WARN_ENUM_CONVERSION = YES;
				CLANG_WARN_INFINITE_RECURSION = YES;
				CLANG_WARN_INT_CONVERSION = YES;
				CLANG_WARN_NON_LITERAL_NULL_CONVERSION = YES;
				CLANG_WARN_OBJC_IMPLICIT_RETAIN_SELF = YES;
				CLANG_WARN_OBJC_LITERAL_CONVERSION = YES;
				CLANG_WARN_OBJC_ROOT_CLASS = YES_ERROR;
				CLANG_WARN_QUOTED_INCLUDE_IN_FRAMEWORK_HEADER = YES;
				CLANG_WARN_RANGE_LOOP_ANALYSIS = YES;
				CLANG_WARN_STRICT_PROTOTYPES = YES;
				CLANG_WARN_SUSPICIOUS_MOVE = YES;
				CLANG_WARN_UNGUARDED_AVAILABILITY = YES_AGGRESSIVE;
				CLANG_WARN_UNREACHABLE_CODE = YES;
				CLANG_WARN__DUPLICATE_METHOD_MATCH = YES;
				COPY_PHASE_STRIP = NO;
				DEBUG_INFORMATION_FORMAT = "dwarf-with-dsym";
				ENABLE_NS_ASSERTIONS = NO;
				ENABLE_STRICT_OBJC_MSGSEND = YES;
				GCC_C_LANGUAGE_STANDARD = gnu11;
				GCC_NO_COMMON_BLOCKS = YES;
				GCC_WARN_64_TO_32_BIT_CONVERSION = YES;
				GCC_WARN_ABOUT_RETURN_TYPE = YES_ERROR;
				GCC_WARN_UNDECLARED_SELECTOR = YES;
				GCC_WARN_UNINITIALIZED_AUTOS = YES_AGGRESSIVE;
				GCC_WARN_UNUSED_FUNCTION = YES;
				GCC_WARN_UNUSED_VARIABLE = YES;
				IPHONEOS_DEPLOYMENT_TARGET = 15.0;
				MTL_ENABLE_DEBUG_INFO = NO;
				MTL_FAST_MATH = YES;
				SDKROOT = iphoneos;
				SWIFT_COMPILATION_MODE = wholemodule;
				SWIFT_OPTIMIZATION_LEVEL = "-O";
				VALIDATE_PRODUCT = YES;
			};
			name = Release;
		};
		471C16272A08420500D974EA /* Debug */ = {
			isa = XCBuildConfiguration;
			baseConfigurationReference = 0E64EC81BEDD873FEB0250EB /* Pods-ChatApp.debug.xcconfig */;
			buildSettings = {
				ASSETCATALOG_COMPILER_APPICON_NAME = AppIcon;
				ASSETCATALOG_COMPILER_GLOBAL_ACCENT_COLOR_NAME = AccentColor;
				CODE_SIGN_STYLE = Automatic;
				CURRENT_PROJECT_VERSION = 1;
				DEVELOPMENT_TEAM = 9DJ3NHWZB3;
				GENERATE_INFOPLIST_FILE = YES;
				INFOPLIST_FILE = ChatApp/Info.plist;
				INFOPLIST_KEY_UIApplicationSupportsIndirectInputEvents = YES;
				INFOPLIST_KEY_UILaunchStoryboardName = LaunchScreen;
				INFOPLIST_KEY_UISupportedInterfaceOrientations_iPad = "UIInterfaceOrientationPortrait UIInterfaceOrientationPortraitUpsideDown UIInterfaceOrientationLandscapeLeft UIInterfaceOrientationLandscapeRight";
				INFOPLIST_KEY_UISupportedInterfaceOrientations_iPhone = "UIInterfaceOrientationPortrait UIInterfaceOrientationLandscapeLeft UIInterfaceOrientationLandscapeRight";
				LD_RUNPATH_SEARCH_PATHS = (
					"$(inherited)",
					"@executable_path/Frameworks",
				);
				MARKETING_VERSION = 1.0;
				PRODUCT_BUNDLE_IDENTIFIER = com.cs4372.ChatApp;
				PRODUCT_NAME = "$(TARGET_NAME)";
				SWIFT_EMIT_LOC_STRINGS = YES;
				SWIFT_VERSION = 5.0;
				TARGETED_DEVICE_FAMILY = "1,2";
			};
			name = Debug;
		};
		471C16282A08420500D974EA /* Release */ = {
			isa = XCBuildConfiguration;
			baseConfigurationReference = E6CC368DA7528E9471EF0E04 /* Pods-ChatApp.release.xcconfig */;
			buildSettings = {
				ASSETCATALOG_COMPILER_APPICON_NAME = AppIcon;
				ASSETCATALOG_COMPILER_GLOBAL_ACCENT_COLOR_NAME = AccentColor;
				CODE_SIGN_STYLE = Automatic;
				CURRENT_PROJECT_VERSION = 1;
				DEVELOPMENT_TEAM = 9DJ3NHWZB3;
				GENERATE_INFOPLIST_FILE = YES;
				INFOPLIST_FILE = ChatApp/Info.plist;
				INFOPLIST_KEY_UIApplicationSupportsIndirectInputEvents = YES;
				INFOPLIST_KEY_UILaunchStoryboardName = LaunchScreen;
				INFOPLIST_KEY_UISupportedInterfaceOrientations_iPad = "UIInterfaceOrientationPortrait UIInterfaceOrientationPortraitUpsideDown UIInterfaceOrientationLandscapeLeft UIInterfaceOrientationLandscapeRight";
				INFOPLIST_KEY_UISupportedInterfaceOrientations_iPhone = "UIInterfaceOrientationPortrait UIInterfaceOrientationLandscapeLeft UIInterfaceOrientationLandscapeRight";
				LD_RUNPATH_SEARCH_PATHS = (
					"$(inherited)",
					"@executable_path/Frameworks",
				);
				MARKETING_VERSION = 1.0;
				PRODUCT_BUNDLE_IDENTIFIER = com.cs4372.ChatApp;
				PRODUCT_NAME = "$(TARGET_NAME)";
				SWIFT_EMIT_LOC_STRINGS = YES;
				SWIFT_VERSION = 5.0;
				TARGETED_DEVICE_FAMILY = "1,2";
			};
			name = Release;
		};
/* End XCBuildConfiguration section */

/* Begin XCConfigurationList section */
		471C160D2A08420200D974EA /* Build configuration list for PBXProject "ChatApp" */ = {
			isa = XCConfigurationList;
			buildConfigurations = (
				471C16242A08420500D974EA /* Debug */,
				471C16252A08420500D974EA /* Release */,
			);
			defaultConfigurationIsVisible = 0;
			defaultConfigurationName = Release;
		};
		471C16262A08420500D974EA /* Build configuration list for PBXNativeTarget "ChatApp" */ = {
			isa = XCConfigurationList;
			buildConfigurations = (
				471C16272A08420500D974EA /* Debug */,
				471C16282A08420500D974EA /* Release */,
			);
			defaultConfigurationIsVisible = 0;
			defaultConfigurationName = Release;
		};
/* End XCConfigurationList section */
	};
	rootObject = 471C160A2A08420200D974EA /* Project object */;
}
