// !$*UTF8*$!
{
	archiveVersion = 1;
	classes = {
	};
	objectVersion = 56;
	objects = {

/* Begin PBXBuildFile section */
		474110FB2A381461000F41C3 /* EmptyViewHelper.swift in Sources */ = {isa = PBXBuildFile; fileRef = 474110FA2A381461000F41C3 /* EmptyViewHelper.swift */; };
		474110FD2A397E1D000F41C3 /* TaskTableViewCell.swift in Sources */ = {isa = PBXBuildFile; fileRef = 474110FC2A397E1D000F41C3 /* TaskTableViewCell.swift */; };
		474111032A3984C8000F41C3 /* TaskViewController+TableViewExtensions.swift in Sources */ = {isa = PBXBuildFile; fileRef = 474111022A3984C8000F41C3 /* TaskViewController+TableViewExtensions.swift */; };
		474111052A398592000F41C3 /* TaskViewController+CollectionViewExtensions.swift in Sources */ = {isa = PBXBuildFile; fileRef = 474111042A398592000F41C3 /* TaskViewController+CollectionViewExtensions.swift */; };
		474111072A3AA323000F41C3 /* CalendarTableViewCell.swift in Sources */ = {isa = PBXBuildFile; fileRef = 474111062A3AA323000F41C3 /* CalendarTableViewCell.swift */; };
		474111092A3BE81E000F41C3 /* DataManager.swift in Sources */ = {isa = PBXBuildFile; fileRef = 474111082A3BE81E000F41C3 /* DataManager.swift */; };
		4758391B2A3F7D3A009031EE /* CompletedTasksViewController+Extensions.swift in Sources */ = {isa = PBXBuildFile; fileRef = 4758391A2A3F7D3A009031EE /* CompletedTasksViewController+Extensions.swift */; };
		4758391D2A3F8E71009031EE /* CalendarViewController+Extensions.swift in Sources */ = {isa = PBXBuildFile; fileRef = 4758391C2A3F8E71009031EE /* CalendarViewController+Extensions.swift */; };
		4764C4A52A3FC7C70079E9CA /* .swiftlint.yml in Resources */ = {isa = PBXBuildFile; fileRef = 4764C4A42A3FC7C70079E9CA /* .swiftlint.yml */; };
		476A12032A73650F0021AA5F /* AlertHelper.swift in Sources */ = {isa = PBXBuildFile; fileRef = 476A12022A73650F0021AA5F /* AlertHelper.swift */; };
		47A805322A3020C900641772 /* Task+CoreDataClass.swift in Sources */ = {isa = PBXBuildFile; fileRef = 47A805302A3020C900641772 /* Task+CoreDataClass.swift */; };
		47A805332A3020C900641772 /* Task+CoreDataProperties.swift in Sources */ = {isa = PBXBuildFile; fileRef = 47A805312A3020C900641772 /* Task+CoreDataProperties.swift */; };
		47A805352A31319800641772 /* AddTaskViewController.swift in Sources */ = {isa = PBXBuildFile; fileRef = 47A805342A31319800641772 /* AddTaskViewController.swift */; };
		47A805382A3148E100641772 /* DateHelper.swift in Sources */ = {isa = PBXBuildFile; fileRef = 47A805372A3148E100641772 /* DateHelper.swift */; };
		47A8055C2A32CD7B00641772 /* InitialLaunchViewController.swift in Sources */ = {isa = PBXBuildFile; fileRef = 47A8055B2A32CD7B00641772 /* InitialLaunchViewController.swift */; };
		47A8055E2A341D1000641772 /* EmptyTaskView.swift in Sources */ = {isa = PBXBuildFile; fileRef = 47A8055D2A341D1000641772 /* EmptyTaskView.swift */; };
		47A805622A34FA3300641772 /* CompletedTasksViewController.swift in Sources */ = {isa = PBXBuildFile; fileRef = 47A805612A34FA3200641772 /* CompletedTasksViewController.swift */; };
		47A805642A366EF800641772 /* CalendarViewController.swift in Sources */ = {isa = PBXBuildFile; fileRef = 47A805632A366EF700641772 /* CalendarViewController.swift */; };
		47C0AA482A2EEF14003BC512 /* AppDelegate.swift in Sources */ = {isa = PBXBuildFile; fileRef = 47C0AA472A2EEF14003BC512 /* AppDelegate.swift */; };
		47C0AA4A2A2EEF14003BC512 /* SceneDelegate.swift in Sources */ = {isa = PBXBuildFile; fileRef = 47C0AA492A2EEF14003BC512 /* SceneDelegate.swift */; };
		47C0AA4C2A2EEF14003BC512 /* TaskViewController.swift in Sources */ = {isa = PBXBuildFile; fileRef = 47C0AA4B2A2EEF14003BC512 /* TaskViewController.swift */; };
		47C0AA4F2A2EEF15003BC512 /* Main.storyboard in Resources */ = {isa = PBXBuildFile; fileRef = 47C0AA4D2A2EEF15003BC512 /* Main.storyboard */; };
		47C0AA522A2EEF15003BC512 /* TaskMaster.xcdatamodeld in Sources */ = {isa = PBXBuildFile; fileRef = 47C0AA502A2EEF15003BC512 /* TaskMaster.xcdatamodeld */; };
		47C0AA542A2EEF17003BC512 /* Assets.xcassets in Resources */ = {isa = PBXBuildFile; fileRef = 47C0AA532A2EEF17003BC512 /* Assets.xcassets */; };
		47C0AA572A2EEF17003BC512 /* LaunchScreen.storyboard in Resources */ = {isa = PBXBuildFile; fileRef = 47C0AA552A2EEF17003BC512 /* LaunchScreen.storyboard */; };
		47C0AA622A2EF650003BC512 /* TaskCollectionViewCell.swift in Sources */ = {isa = PBXBuildFile; fileRef = 47C0AA612A2EF650003BC512 /* TaskCollectionViewCell.swift */; };
		D9C8DB30FD79776559FD1C3F /* Pods_TaskMaster.framework in Frameworks */ = {isa = PBXBuildFile; fileRef = 0703DC0FEC1E7C99DB7C8BB1 /* Pods_TaskMaster.framework */; };
/* End PBXBuildFile section */

/* Begin PBXFileReference section */
		0703DC0FEC1E7C99DB7C8BB1 /* Pods_TaskMaster.framework */ = {isa = PBXFileReference; explicitFileType = wrapper.framework; includeInIndex = 0; path = Pods_TaskMaster.framework; sourceTree = BUILT_PRODUCTS_DIR; };
		474110FA2A381461000F41C3 /* EmptyViewHelper.swift */ = {isa = PBXFileReference; lastKnownFileType = sourcecode.swift; path = EmptyViewHelper.swift; sourceTree = "<group>"; };
		474110FC2A397E1D000F41C3 /* TaskTableViewCell.swift */ = {isa = PBXFileReference; lastKnownFileType = sourcecode.swift; path = TaskTableViewCell.swift; sourceTree = "<group>"; };
		474111022A3984C8000F41C3 /* TaskViewController+TableViewExtensions.swift */ = {isa = PBXFileReference; lastKnownFileType = sourcecode.swift; path = "TaskViewController+TableViewExtensions.swift"; sourceTree = "<group>"; };
		474111042A398592000F41C3 /* TaskViewController+CollectionViewExtensions.swift */ = {isa = PBXFileReference; lastKnownFileType = sourcecode.swift; path = "TaskViewController+CollectionViewExtensions.swift"; sourceTree = "<group>"; };
		474111062A3AA323000F41C3 /* CalendarTableViewCell.swift */ = {isa = PBXFileReference; lastKnownFileType = sourcecode.swift; path = CalendarTableViewCell.swift; sourceTree = "<group>"; };
		474111082A3BE81E000F41C3 /* DataManager.swift */ = {isa = PBXFileReference; lastKnownFileType = sourcecode.swift; path = DataManager.swift; sourceTree = "<group>"; };
		4758391A2A3F7D3A009031EE /* CompletedTasksViewController+Extensions.swift */ = {isa = PBXFileReference; lastKnownFileType = sourcecode.swift; path = "CompletedTasksViewController+Extensions.swift"; sourceTree = "<group>"; };
		4758391C2A3F8E71009031EE /* CalendarViewController+Extensions.swift */ = {isa = PBXFileReference; lastKnownFileType = sourcecode.swift; path = "CalendarViewController+Extensions.swift"; sourceTree = "<group>"; };
		4764C4A42A3FC7C70079E9CA /* .swiftlint.yml */ = {isa = PBXFileReference; lastKnownFileType = text.yaml; path = .swiftlint.yml; sourceTree = "<group>"; };
		476A12022A73650F0021AA5F /* AlertHelper.swift */ = {isa = PBXFileReference; lastKnownFileType = sourcecode.swift; path = AlertHelper.swift; sourceTree = "<group>"; };
		47A805302A3020C900641772 /* Task+CoreDataClass.swift */ = {isa = PBXFileReference; lastKnownFileType = sourcecode.swift; path = "Task+CoreDataClass.swift"; sourceTree = "<group>"; };
		47A805312A3020C900641772 /* Task+CoreDataProperties.swift */ = {isa = PBXFileReference; lastKnownFileType = sourcecode.swift; path = "Task+CoreDataProperties.swift"; sourceTree = "<group>"; };
		47A805342A31319800641772 /* AddTaskViewController.swift */ = {isa = PBXFileReference; lastKnownFileType = sourcecode.swift; path = AddTaskViewController.swift; sourceTree = "<group>"; };
		47A805372A3148E100641772 /* DateHelper.swift */ = {isa = PBXFileReference; lastKnownFileType = sourcecode.swift; path = DateHelper.swift; sourceTree = "<group>"; };
		47A8055B2A32CD7B00641772 /* InitialLaunchViewController.swift */ = {isa = PBXFileReference; lastKnownFileType = sourcecode.swift; path = InitialLaunchViewController.swift; sourceTree = "<group>"; };
		47A8055D2A341D1000641772 /* EmptyTaskView.swift */ = {isa = PBXFileReference; lastKnownFileType = sourcecode.swift; path = EmptyTaskView.swift; sourceTree = "<group>"; };
		47A805612A34FA3200641772 /* CompletedTasksViewController.swift */ = {isa = PBXFileReference; lastKnownFileType = sourcecode.swift; path = CompletedTasksViewController.swift; sourceTree = "<group>"; };
		47A805632A366EF700641772 /* CalendarViewController.swift */ = {isa = PBXFileReference; lastKnownFileType = sourcecode.swift; path = CalendarViewController.swift; sourceTree = "<group>"; };
		47C0AA442A2EEF14003BC512 /* TaskMaster.app */ = {isa = PBXFileReference; explicitFileType = wrapper.application; includeInIndex = 0; path = TaskMaster.app; sourceTree = BUILT_PRODUCTS_DIR; };
		47C0AA472A2EEF14003BC512 /* AppDelegate.swift */ = {isa = PBXFileReference; lastKnownFileType = sourcecode.swift; path = AppDelegate.swift; sourceTree = "<group>"; };
		47C0AA492A2EEF14003BC512 /* SceneDelegate.swift */ = {isa = PBXFileReference; lastKnownFileType = sourcecode.swift; path = SceneDelegate.swift; sourceTree = "<group>"; };
		47C0AA4B2A2EEF14003BC512 /* TaskViewController.swift */ = {isa = PBXFileReference; lastKnownFileType = sourcecode.swift; path = TaskViewController.swift; sourceTree = "<group>"; };
		47C0AA4E2A2EEF15003BC512 /* Base */ = {isa = PBXFileReference; lastKnownFileType = file.storyboard; name = Base; path = Base.lproj/Main.storyboard; sourceTree = "<group>"; };
		47C0AA512A2EEF15003BC512 /* TaskMaster.xcdatamodel */ = {isa = PBXFileReference; lastKnownFileType = wrapper.xcdatamodel; path = TaskMaster.xcdatamodel; sourceTree = "<group>"; };
		47C0AA532A2EEF17003BC512 /* Assets.xcassets */ = {isa = PBXFileReference; lastKnownFileType = folder.assetcatalog; path = Assets.xcassets; sourceTree = "<group>"; };
		47C0AA562A2EEF17003BC512 /* Base */ = {isa = PBXFileReference; lastKnownFileType = file.storyboard; name = Base; path = Base.lproj/LaunchScreen.storyboard; sourceTree = "<group>"; };
		47C0AA582A2EEF17003BC512 /* Info.plist */ = {isa = PBXFileReference; lastKnownFileType = text.plist.xml; path = Info.plist; sourceTree = "<group>"; };
		47C0AA612A2EF650003BC512 /* TaskCollectionViewCell.swift */ = {isa = PBXFileReference; lastKnownFileType = sourcecode.swift; path = TaskCollectionViewCell.swift; sourceTree = "<group>"; };
		7BFB7EDF79AB261C74CE8EFA /* Pods-TaskMaster.release.xcconfig */ = {isa = PBXFileReference; includeInIndex = 1; lastKnownFileType = text.xcconfig; name = "Pods-TaskMaster.release.xcconfig"; path = "Target Support Files/Pods-TaskMaster/Pods-TaskMaster.release.xcconfig"; sourceTree = "<group>"; };
		821E207880F7A60052352125 /* Pods-TaskMaster.debug.xcconfig */ = {isa = PBXFileReference; includeInIndex = 1; lastKnownFileType = text.xcconfig; name = "Pods-TaskMaster.debug.xcconfig"; path = "Target Support Files/Pods-TaskMaster/Pods-TaskMaster.debug.xcconfig"; sourceTree = "<group>"; };
/* End PBXFileReference section */

/* Begin PBXFrameworksBuildPhase section */
		47C0AA412A2EEF14003BC512 /* Frameworks */ = {
			isa = PBXFrameworksBuildPhase;
			buildActionMask = 2147483647;
			files = (
				D9C8DB30FD79776559FD1C3F /* Pods_TaskMaster.framework in Frameworks */,
			);
			runOnlyForDeploymentPostprocessing = 0;
		};
/* End PBXFrameworksBuildPhase section */

/* Begin PBXGroup section */
		475839192A3F7BDD009031EE /* Extensions */ = {
			isa = PBXGroup;
			children = (
				474111042A398592000F41C3 /* TaskViewController+CollectionViewExtensions.swift */,
				474111022A3984C8000F41C3 /* TaskViewController+TableViewExtensions.swift */,
				4758391A2A3F7D3A009031EE /* CompletedTasksViewController+Extensions.swift */,
				4758391C2A3F8E71009031EE /* CalendarViewController+Extensions.swift */,
			);
			path = Extensions;
			sourceTree = "<group>";
		};
		47A805362A3148AC00641772 /* Helpers */ = {
			isa = PBXGroup;
			children = (
				47A805372A3148E100641772 /* DateHelper.swift */,
				474110FA2A381461000F41C3 /* EmptyViewHelper.swift */,
				474111082A3BE81E000F41C3 /* DataManager.swift */,
				476A12022A73650F0021AA5F /* AlertHelper.swift */,
			);
			path = Helpers;
			sourceTree = "<group>";
		};
		47C0AA3B2A2EEF14003BC512 = {
			isa = PBXGroup;
			children = (
				4764C4A42A3FC7C70079E9CA /* .swiftlint.yml */,
				47C0AA462A2EEF14003BC512 /* TaskMaster */,
				47C0AA452A2EEF14003BC512 /* Products */,
				E261204EC96D84B6D321A744 /* Pods */,
				4C596840503FB36CEE349175 /* Frameworks */,
			);
			sourceTree = "<group>";
		};
		47C0AA452A2EEF14003BC512 /* Products */ = {
			isa = PBXGroup;
			children = (
				47C0AA442A2EEF14003BC512 /* TaskMaster.app */,
			);
			name = Products;
			sourceTree = "<group>";
		};
		47C0AA462A2EEF14003BC512 /* TaskMaster */ = {
			isa = PBXGroup;
			children = (
				47A805362A3148AC00641772 /* Helpers */,
				47C0AA602A2EF0DA003BC512 /* Views */,
				47C0AA5F2A2EF0D6003BC512 /* Model */,
				475839192A3F7BDD009031EE /* Extensions */,
				47C0AA5E2A2EF0D1003BC512 /* Controllers */,
				47C0AA472A2EEF14003BC512 /* AppDelegate.swift */,
				47C0AA492A2EEF14003BC512 /* SceneDelegate.swift */,
				47C0AA4D2A2EEF15003BC512 /* Main.storyboard */,
				47C0AA532A2EEF17003BC512 /* Assets.xcassets */,
				47C0AA552A2EEF17003BC512 /* LaunchScreen.storyboard */,
				47C0AA582A2EEF17003BC512 /* Info.plist */,
				47C0AA502A2EEF15003BC512 /* TaskMaster.xcdatamodeld */,
			);
			path = TaskMaster;
			sourceTree = "<group>";
		};
		47C0AA5E2A2EF0D1003BC512 /* Controllers */ = {
			isa = PBXGroup;
			children = (
				47C0AA4B2A2EEF14003BC512 /* TaskViewController.swift */,
				47A805342A31319800641772 /* AddTaskViewController.swift */,
				47A8055B2A32CD7B00641772 /* InitialLaunchViewController.swift */,
				47A805612A34FA3200641772 /* CompletedTasksViewController.swift */,
				47A805632A366EF700641772 /* CalendarViewController.swift */,
			);
			path = Controllers;
			sourceTree = "<group>";
		};
		47C0AA5F2A2EF0D6003BC512 /* Model */ = {
			isa = PBXGroup;
			children = (
				47A805302A3020C900641772 /* Task+CoreDataClass.swift */,
				47A805312A3020C900641772 /* Task+CoreDataProperties.swift */,
			);
			path = Model;
			sourceTree = "<group>";
		};
		47C0AA602A2EF0DA003BC512 /* Views */ = {
			isa = PBXGroup;
			children = (
				47C0AA612A2EF650003BC512 /* TaskCollectionViewCell.swift */,
				47A8055D2A341D1000641772 /* EmptyTaskView.swift */,
				474110FC2A397E1D000F41C3 /* TaskTableViewCell.swift */,
				474111062A3AA323000F41C3 /* CalendarTableViewCell.swift */,
			);
			path = Views;
			sourceTree = "<group>";
		};
		4C596840503FB36CEE349175 /* Frameworks */ = {
			isa = PBXGroup;
			children = (
				0703DC0FEC1E7C99DB7C8BB1 /* Pods_TaskMaster.framework */,
			);
			name = Frameworks;
			sourceTree = "<group>";
		};
		E261204EC96D84B6D321A744 /* Pods */ = {
			isa = PBXGroup;
			children = (
				821E207880F7A60052352125 /* Pods-TaskMaster.debug.xcconfig */,
				7BFB7EDF79AB261C74CE8EFA /* Pods-TaskMaster.release.xcconfig */,
			);
			path = Pods;
			sourceTree = "<group>";
		};
/* End PBXGroup section */

/* Begin PBXNativeTarget section */
		47C0AA432A2EEF14003BC512 /* TaskMaster */ = {
			isa = PBXNativeTarget;
			buildConfigurationList = 47C0AA5B2A2EEF17003BC512 /* Build configuration list for PBXNativeTarget "TaskMaster" */;
			buildPhases = (
				7FF0FDD35D1DCD3575E45FE3 /* [CP] Check Pods Manifest.lock */,
				47C0AA402A2EEF14003BC512 /* Sources */,
				47C0AA412A2EEF14003BC512 /* Frameworks */,
				47C0AA422A2EEF14003BC512 /* Resources */,
				709DE934603E22EBCC278353 /* [CP] Embed Pods Frameworks */,
				4764C4A32A3FC6CE0079E9CA /* ShellScript */,
			);
			buildRules = (
			);
			dependencies = (
			);
			name = TaskMaster;
			productName = TaskMaster;
			productReference = 47C0AA442A2EEF14003BC512 /* TaskMaster.app */;
			productType = "com.apple.product-type.application";
		};
/* End PBXNativeTarget section */

/* Begin PBXProject section */
		47C0AA3C2A2EEF14003BC512 /* Project object */ = {
			isa = PBXProject;
			attributes = {
				BuildIndependentTargetsInParallel = 1;
				LastSwiftUpdateCheck = 1430;
				LastUpgradeCheck = 1430;
				TargetAttributes = {
					47C0AA432A2EEF14003BC512 = {
						CreatedOnToolsVersion = 14.3.1;
					};
				};
			};
			buildConfigurationList = 47C0AA3F2A2EEF14003BC512 /* Build configuration list for PBXProject "TaskMaster" */;
			compatibilityVersion = "Xcode 14.0";
			developmentRegion = en;
			hasScannedForEncodings = 0;
			knownRegions = (
				en,
				Base,
			);
			mainGroup = 47C0AA3B2A2EEF14003BC512;
			productRefGroup = 47C0AA452A2EEF14003BC512 /* Products */;
			projectDirPath = "";
			projectRoot = "";
			targets = (
				47C0AA432A2EEF14003BC512 /* TaskMaster */,
			);
		};
/* End PBXProject section */

/* Begin PBXResourcesBuildPhase section */
		47C0AA422A2EEF14003BC512 /* Resources */ = {
			isa = PBXResourcesBuildPhase;
			buildActionMask = 2147483647;
			files = (
				4764C4A52A3FC7C70079E9CA /* .swiftlint.yml in Resources */,
				47C0AA572A2EEF17003BC512 /* LaunchScreen.storyboard in Resources */,
				47C0AA542A2EEF17003BC512 /* Assets.xcassets in Resources */,
				47C0AA4F2A2EEF15003BC512 /* Main.storyboard in Resources */,
			);
			runOnlyForDeploymentPostprocessing = 0;
		};
/* End PBXResourcesBuildPhase section */

/* Begin PBXShellScriptBuildPhase section */
		4764C4A32A3FC6CE0079E9CA /* ShellScript */ = {
			isa = PBXShellScriptBuildPhase;
			buildActionMask = 2147483647;
			files = (
			);
			inputFileListPaths = (
			);
			inputPaths = (
			);
			outputFileListPaths = (
			);
			outputPaths = (
			);
			runOnlyForDeploymentPostprocessing = 0;
			shellPath = /bin/sh;
			shellScript = "\"${PODS_ROOT}/SwiftLint/swiftlint\"\n";
		};
		709DE934603E22EBCC278353 /* [CP] Embed Pods Frameworks */ = {
			isa = PBXShellScriptBuildPhase;
			buildActionMask = 2147483647;
			files = (
			);
			inputFileListPaths = (
				"${PODS_ROOT}/Target Support Files/Pods-TaskMaster/Pods-TaskMaster-frameworks-${CONFIGURATION}-input-files.xcfilelist",
			);
			name = "[CP] Embed Pods Frameworks";
			outputFileListPaths = (
				"${PODS_ROOT}/Target Support Files/Pods-TaskMaster/Pods-TaskMaster-frameworks-${CONFIGURATION}-output-files.xcfilelist",
			);
			runOnlyForDeploymentPostprocessing = 0;
			shellPath = /bin/sh;
			shellScript = "\"${PODS_ROOT}/Target Support Files/Pods-TaskMaster/Pods-TaskMaster-frameworks.sh\"\n";
			showEnvVarsInLog = 0;
		};
		7FF0FDD35D1DCD3575E45FE3 /* [CP] Check Pods Manifest.lock */ = {
			isa = PBXShellScriptBuildPhase;
			buildActionMask = 2147483647;
			files = (
			);
			inputFileListPaths = (
			);
			inputPaths = (
				"${PODS_PODFILE_DIR_PATH}/Podfile.lock",
				"${PODS_ROOT}/Manifest.lock",
			);
			name = "[CP] Check Pods Manifest.lock";
			outputFileListPaths = (
			);
			outputPaths = (
				"$(DERIVED_FILE_DIR)/Pods-TaskMaster-checkManifestLockResult.txt",
			);
			runOnlyForDeploymentPostprocessing = 0;
			shellPath = /bin/sh;
			shellScript = "diff \"${PODS_PODFILE_DIR_PATH}/Podfile.lock\" \"${PODS_ROOT}/Manifest.lock\" > /dev/null\nif [ $? != 0 ] ; then\n    # print error to STDERR\n    echo \"error: The sandbox is not in sync with the Podfile.lock. Run 'pod install' or update your CocoaPods installation.\" >&2\n    exit 1\nfi\n# This output is used by Xcode 'outputs' to avoid re-running this script phase.\necho \"SUCCESS\" > \"${SCRIPT_OUTPUT_FILE_0}\"\n";
			showEnvVarsInLog = 0;
		};
/* End PBXShellScriptBuildPhase section */

/* Begin PBXSourcesBuildPhase section */
		47C0AA402A2EEF14003BC512 /* Sources */ = {
			isa = PBXSourcesBuildPhase;
			buildActionMask = 2147483647;
			files = (
				47A8055C2A32CD7B00641772 /* InitialLaunchViewController.swift in Sources */,
				47A8055E2A341D1000641772 /* EmptyTaskView.swift in Sources */,
				474110FD2A397E1D000F41C3 /* TaskTableViewCell.swift in Sources */,
				474111032A3984C8000F41C3 /* TaskViewController+TableViewExtensions.swift in Sources */,
				474110FB2A381461000F41C3 /* EmptyViewHelper.swift in Sources */,
				47C0AA4C2A2EEF14003BC512 /* TaskViewController.swift in Sources */,
				47A805622A34FA3300641772 /* CompletedTasksViewController.swift in Sources */,
				4758391B2A3F7D3A009031EE /* CompletedTasksViewController+Extensions.swift in Sources */,
				474111052A398592000F41C3 /* TaskViewController+CollectionViewExtensions.swift in Sources */,
				4758391D2A3F8E71009031EE /* CalendarViewController+Extensions.swift in Sources */,
				47C0AA482A2EEF14003BC512 /* AppDelegate.swift in Sources */,
				47A805352A31319800641772 /* AddTaskViewController.swift in Sources */,
				476A12032A73650F0021AA5F /* AlertHelper.swift in Sources */,
				47A805322A3020C900641772 /* Task+CoreDataClass.swift in Sources */,
				474111072A3AA323000F41C3 /* CalendarTableViewCell.swift in Sources */,
				47C0AA522A2EEF15003BC512 /* TaskMaster.xcdatamodeld in Sources */,
				47A805642A366EF800641772 /* CalendarViewController.swift in Sources */,
				474111092A3BE81E000F41C3 /* DataManager.swift in Sources */,
				47C0AA622A2EF650003BC512 /* TaskCollectionViewCell.swift in Sources */,
				47A805382A3148E100641772 /* DateHelper.swift in Sources */,
				47A805332A3020C900641772 /* Task+CoreDataProperties.swift in Sources */,
				47C0AA4A2A2EEF14003BC512 /* SceneDelegate.swift in Sources */,
			);
			runOnlyForDeploymentPostprocessing = 0;
		};
/* End PBXSourcesBuildPhase section */

/* Begin PBXVariantGroup section */
		47C0AA4D2A2EEF15003BC512 /* Main.storyboard */ = {
			isa = PBXVariantGroup;
			children = (
				47C0AA4E2A2EEF15003BC512 /* Base */,
			);
			name = Main.storyboard;
			sourceTree = "<group>";
		};
		47C0AA552A2EEF17003BC512 /* LaunchScreen.storyboard */ = {
			isa = PBXVariantGroup;
			children = (
				47C0AA562A2EEF17003BC512 /* Base */,
			);
			name = LaunchScreen.storyboard;
			sourceTree = "<group>";
		};
/* End PBXVariantGroup section */

/* Begin XCBuildConfiguration section */
		47C0AA592A2EEF17003BC512 /* Debug */ = {
			isa = XCBuildConfiguration;
			buildSettings = {
				ALWAYS_SEARCH_USER_PATHS = NO;
				CLANG_ANALYZER_NONNULL = YES;
				CLANG_ANALYZER_NUMBER_OBJECT_CONVERSION = YES_AGGRESSIVE;
				CLANG_CXX_LANGUAGE_STANDARD = "gnu++20";
				CLANG_ENABLE_MODULES = YES;
				CLANG_ENABLE_OBJC_ARC = YES;
				CLANG_ENABLE_OBJC_WEAK = YES;
				CLANG_WARN_BLOCK_CAPTURE_AUTORELEASING = YES;
				CLANG_WARN_BOOL_CONVERSION = YES;
				CLANG_WARN_COMMA = YES;
				CLANG_WARN_CONSTANT_CONVERSION = YES;
				CLANG_WARN_DEPRECATED_OBJC_IMPLEMENTATIONS = YES;
				CLANG_WARN_DIRECT_OBJC_ISA_USAGE = YES_ERROR;
				CLANG_WARN_DOCUMENTATION_COMMENTS = YES;
				CLANG_WARN_EMPTY_BODY = YES;
				CLANG_WARN_ENUM_CONVERSION = YES;
				CLANG_WARN_INFINITE_RECURSION = YES;
				CLANG_WARN_INT_CONVERSION = YES;
				CLANG_WARN_NON_LITERAL_NULL_CONVERSION = YES;
				CLANG_WARN_OBJC_IMPLICIT_RETAIN_SELF = YES;
				CLANG_WARN_OBJC_LITERAL_CONVERSION = YES;
				CLANG_WARN_OBJC_ROOT_CLASS = YES_ERROR;
				CLANG_WARN_QUOTED_INCLUDE_IN_FRAMEWORK_HEADER = YES;
				CLANG_WARN_RANGE_LOOP_ANALYSIS = YES;
				CLANG_WARN_STRICT_PROTOTYPES = YES;
				CLANG_WARN_SUSPICIOUS_MOVE = YES;
				CLANG_WARN_UNGUARDED_AVAILABILITY = YES_AGGRESSIVE;
				CLANG_WARN_UNREACHABLE_CODE = YES;
				CLANG_WARN__DUPLICATE_METHOD_MATCH = YES;
				COPY_PHASE_STRIP = NO;
				DEBUG_INFORMATION_FORMAT = dwarf;
				ENABLE_STRICT_OBJC_MSGSEND = YES;
				ENABLE_TESTABILITY = YES;
				GCC_C_LANGUAGE_STANDARD = gnu11;
				GCC_DYNAMIC_NO_PIC = NO;
				GCC_NO_COMMON_BLOCKS = YES;
				GCC_OPTIMIZATION_LEVEL = 0;
				GCC_PREPROCESSOR_DEFINITIONS = (
					"DEBUG=1",
					"$(inherited)",
				);
				GCC_WARN_64_TO_32_BIT_CONVERSION = YES;
				GCC_WARN_ABOUT_RETURN_TYPE = YES_ERROR;
				GCC_WARN_UNDECLARED_SELECTOR = YES;
				GCC_WARN_UNINITIALIZED_AUTOS = YES_AGGRESSIVE;
				GCC_WARN_UNUSED_FUNCTION = YES;
				GCC_WARN_UNUSED_VARIABLE = YES;
				IPHONEOS_DEPLOYMENT_TARGET = 16.4;
				MTL_ENABLE_DEBUG_INFO = INCLUDE_SOURCE;
				MTL_FAST_MATH = YES;
				ONLY_ACTIVE_ARCH = YES;
				SDKROOT = iphoneos;
				SWIFT_ACTIVE_COMPILATION_CONDITIONS = DEBUG;
				SWIFT_OPTIMIZATION_LEVEL = "-Onone";
			};
			name = Debug;
		};
		47C0AA5A2A2EEF17003BC512 /* Release */ = {
			isa = XCBuildConfiguration;
			buildSettings = {
				ALWAYS_SEARCH_USER_PATHS = NO;
				CLANG_ANALYZER_NONNULL = YES;
				CLANG_ANALYZER_NUMBER_OBJECT_CONVERSION = YES_AGGRESSIVE;
				CLANG_CXX_LANGUAGE_STANDARD = "gnu++20";
				CLANG_ENABLE_MODULES = YES;
				CLANG_ENABLE_OBJC_ARC = YES;
				CLANG_ENABLE_OBJC_WEAK = YES;
				CLANG_WARN_BLOCK_CAPTURE_AUTORELEASING = YES;
				CLANG_WARN_BOOL_CONVERSION = YES;
				CLANG_WARN_COMMA = YES;
				CLANG_WARN_CONSTANT_CONVERSION = YES;
				CLANG_WARN_DEPRECATED_OBJC_IMPLEMENTATIONS = YES;
				CLANG_WARN_DIRECT_OBJC_ISA_USAGE = YES_ERROR;
				CLANG_WARN_DOCUMENTATION_COMMENTS = YES;
				CLANG_WARN_EMPTY_BODY = YES;
				CLANG_WARN_ENUM_CONVERSION = YES;
				CLANG_WARN_INFINITE_RECURSION = YES;
				CLANG_WARN_INT_CONVERSION = YES;
				CLANG_WARN_NON_LITERAL_NULL_CONVERSION = YES;
				CLANG_WARN_OBJC_IMPLICIT_RETAIN_SELF = YES;
				CLANG_WARN_OBJC_LITERAL_CONVERSION = YES;
				CLANG_WARN_OBJC_ROOT_CLASS = YES_ERROR;
				CLANG_WARN_QUOTED_INCLUDE_IN_FRAMEWORK_HEADER = YES;
				CLANG_WARN_RANGE_LOOP_ANALYSIS = YES;
				CLANG_WARN_STRICT_PROTOTYPES = YES;
				CLANG_WARN_SUSPICIOUS_MOVE = YES;
				CLANG_WARN_UNGUARDED_AVAILABILITY = YES_AGGRESSIVE;
				CLANG_WARN_UNREACHABLE_CODE = YES;
				CLANG_WARN__DUPLICATE_METHOD_MATCH = YES;
				COPY_PHASE_STRIP = NO;
				DEBUG_INFORMATION_FORMAT = "dwarf-with-dsym";
				ENABLE_NS_ASSERTIONS = NO;
				ENABLE_STRICT_OBJC_MSGSEND = YES;
				GCC_C_LANGUAGE_STANDARD = gnu11;
				GCC_NO_COMMON_BLOCKS = YES;
				GCC_WARN_64_TO_32_BIT_CONVERSION = YES;
				GCC_WARN_ABOUT_RETURN_TYPE = YES_ERROR;
				GCC_WARN_UNDECLARED_SELECTOR = YES;
				GCC_WARN_UNINITIALIZED_AUTOS = YES_AGGRESSIVE;
				GCC_WARN_UNUSED_FUNCTION = YES;
				GCC_WARN_UNUSED_VARIABLE = YES;
				IPHONEOS_DEPLOYMENT_TARGET = 16.4;
				MTL_ENABLE_DEBUG_INFO = NO;
				MTL_FAST_MATH = YES;
				SDKROOT = iphoneos;
				SWIFT_COMPILATION_MODE = wholemodule;
				SWIFT_OPTIMIZATION_LEVEL = "-O";
				VALIDATE_PRODUCT = YES;
			};
			name = Release;
		};
		47C0AA5C2A2EEF17003BC512 /* Debug */ = {
			isa = XCBuildConfiguration;
			baseConfigurationReference = 821E207880F7A60052352125 /* Pods-TaskMaster.debug.xcconfig */;
			buildSettings = {
				ASSETCATALOG_COMPILER_APPICON_NAME = AppIcon;
				ASSETCATALOG_COMPILER_GLOBAL_ACCENT_COLOR_NAME = AccentColor;
				CODE_SIGN_STYLE = Automatic;
				CURRENT_PROJECT_VERSION = 1;
				DEVELOPMENT_TEAM = 9DJ3NHWZB3;
				GENERATE_INFOPLIST_FILE = YES;
				INFOPLIST_FILE = TaskMaster/Info.plist;
				INFOPLIST_KEY_UIApplicationSupportsIndirectInputEvents = YES;
				INFOPLIST_KEY_UILaunchStoryboardName = LaunchScreen;
				INFOPLIST_KEY_UISupportedInterfaceOrientations_iPad = "UIInterfaceOrientationPortrait UIInterfaceOrientationPortraitUpsideDown UIInterfaceOrientationLandscapeLeft UIInterfaceOrientationLandscapeRight";
				INFOPLIST_KEY_UISupportedInterfaceOrientations_iPhone = "UIInterfaceOrientationPortrait UIInterfaceOrientationLandscapeLeft UIInterfaceOrientationLandscapeRight";
				IPHONEOS_DEPLOYMENT_TARGET = 13.0;
				LD_RUNPATH_SEARCH_PATHS = (
					"$(inherited)",
					"@executable_path/Frameworks",
				);
				MARKETING_VERSION = 1.0;
				PRODUCT_BUNDLE_IDENTIFIER = com.cs4372.TaskMaster;
				PRODUCT_NAME = "$(TARGET_NAME)";
				SWIFT_EMIT_LOC_STRINGS = YES;
				SWIFT_VERSION = 5.0;
				TARGETED_DEVICE_FAMILY = "1,2";
			};
			name = Debug;
		};
		47C0AA5D2A2EEF17003BC512 /* Release */ = {
			isa = XCBuildConfiguration;
			baseConfigurationReference = 7BFB7EDF79AB261C74CE8EFA /* Pods-TaskMaster.release.xcconfig */;
			buildSettings = {
				ASSETCATALOG_COMPILER_APPICON_NAME = AppIcon;
				ASSETCATALOG_COMPILER_GLOBAL_ACCENT_COLOR_NAME = AccentColor;
				CODE_SIGN_STYLE = Automatic;
				CURRENT_PROJECT_VERSION = 1;
				DEVELOPMENT_TEAM = 9DJ3NHWZB3;
				GENERATE_INFOPLIST_FILE = YES;
				INFOPLIST_FILE = TaskMaster/Info.plist;
				INFOPLIST_KEY_UIApplicationSupportsIndirectInputEvents = YES;
				INFOPLIST_KEY_UILaunchStoryboardName = LaunchScreen;
				INFOPLIST_KEY_UISupportedInterfaceOrientations_iPad = "UIInterfaceOrientationPortrait UIInterfaceOrientationPortraitUpsideDown UIInterfaceOrientationLandscapeLeft UIInterfaceOrientationLandscapeRight";
				INFOPLIST_KEY_UISupportedInterfaceOrientations_iPhone = "UIInterfaceOrientationPortrait UIInterfaceOrientationLandscapeLeft UIInterfaceOrientationLandscapeRight";
				IPHONEOS_DEPLOYMENT_TARGET = 13.0;
				LD_RUNPATH_SEARCH_PATHS = (
					"$(inherited)",
					"@executable_path/Frameworks",
				);
				MARKETING_VERSION = 1.0;
				PRODUCT_BUNDLE_IDENTIFIER = com.cs4372.TaskMaster;
				PRODUCT_NAME = "$(TARGET_NAME)";
				SWIFT_EMIT_LOC_STRINGS = YES;
				SWIFT_VERSION = 5.0;
				TARGETED_DEVICE_FAMILY = "1,2";
			};
			name = Release;
		};
/* End XCBuildConfiguration section */

/* Begin XCConfigurationList section */
		47C0AA3F2A2EEF14003BC512 /* Build configuration list for PBXProject "TaskMaster" */ = {
			isa = XCConfigurationList;
			buildConfigurations = (
				47C0AA592A2EEF17003BC512 /* Debug */,
				47C0AA5A2A2EEF17003BC512 /* Release */,
			);
			defaultConfigurationIsVisible = 0;
			defaultConfigurationName = Release;
		};
		47C0AA5B2A2EEF17003BC512 /* Build configuration list for PBXNativeTarget "TaskMaster" */ = {
			isa = XCConfigurationList;
			buildConfigurations = (
				47C0AA5C2A2EEF17003BC512 /* Debug */,
				47C0AA5D2A2EEF17003BC512 /* Release */,
			);
			defaultConfigurationIsVisible = 0;
			defaultConfigurationName = Release;
		};
/* End XCConfigurationList section */

/* Begin XCVersionGroup section */
		47C0AA502A2EEF15003BC512 /* TaskMaster.xcdatamodeld */ = {
			isa = XCVersionGroup;
			children = (
				47C0AA512A2EEF15003BC512 /* TaskMaster.xcdatamodel */,
			);
			currentVersion = 47C0AA512A2EEF15003BC512 /* TaskMaster.xcdatamodel */;
			path = TaskMaster.xcdatamodeld;
			sourceTree = "<group>";
			versionGroupType = wrapper.xcdatamodel;
		};
/* End XCVersionGroup section */
	};
	rootObject = 47C0AA3C2A2EEF14003BC512 /* Project object */;
}
